// !$*UTF8*$!
{
	archiveVersion = 1;
	classes = {
	};
	objectVersion = 55;
	objects = {

/* Begin PBXBuildFile section */
		E068FDB52843AEE900665C6D /* SocialNetworkAppApp.swift in Sources */ = {isa = PBXBuildFile; fileRef = E068FDB42843AEE900665C6D /* SocialNetworkAppApp.swift */; };
		E068FDB72843AEE900665C6D /* ContentView.swift in Sources */ = {isa = PBXBuildFile; fileRef = E068FDB62843AEE900665C6D /* ContentView.swift */; };
		E068FDB92843AEED00665C6D /* Assets.xcassets in Resources */ = {isa = PBXBuildFile; fileRef = E068FDB82843AEED00665C6D /* Assets.xcassets */; };
		E068FDBC2843AEED00665C6D /* Preview Assets.xcassets in Resources */ = {isa = PBXBuildFile; fileRef = E068FDBB2843AEED00665C6D /* Preview Assets.xcassets */; };
		E068FDC62843AEED00665C6D /* SocialNetworkAppTests.swift in Sources */ = {isa = PBXBuildFile; fileRef = E068FDC52843AEED00665C6D /* SocialNetworkAppTests.swift */; };
		E068FDD02843AEED00665C6D /* SocialNetworkAppUITests.swift in Sources */ = {isa = PBXBuildFile; fileRef = E068FDCF2843AEED00665C6D /* SocialNetworkAppUITests.swift */; };
		E068FDD22843AEED00665C6D /* SocialNetworkAppUITestsLaunchTests.swift in Sources */ = {isa = PBXBuildFile; fileRef = E068FDD12843AEED00665C6D /* SocialNetworkAppUITestsLaunchTests.swift */; };
/* End PBXBuildFile section */

/* Begin PBXContainerItemProxy section */
		E068FDC22843AEED00665C6D /* PBXContainerItemProxy */ = {
			isa = PBXContainerItemProxy;
			containerPortal = E068FDA92843AEE900665C6D /* Project object */;
			proxyType = 1;
			remoteGlobalIDString = E068FDB02843AEE900665C6D;
			remoteInfo = SocialNetworkApp;
		};
		E068FDCC2843AEED00665C6D /* PBXContainerItemProxy */ = {
			isa = PBXContainerItemProxy;
			containerPortal = E068FDA92843AEE900665C6D /* Project object */;
			proxyType = 1;
			remoteGlobalIDString = E068FDB02843AEE900665C6D;
			remoteInfo = SocialNetworkApp;
		};
/* End PBXContainerItemProxy section */

/* Begin PBXFileReference section */
		E068FDB12843AEE900665C6D /* SocialNetworkApp.app */ = {isa = PBXFileReference; explicitFileType = wrapper.application; includeInIndex = 0; path = SocialNetworkApp.app; sourceTree = BUILT_PRODUCTS_DIR; };
		E068FDB42843AEE900665C6D /* SocialNetworkAppApp.swift */ = {isa = PBXFileReference; lastKnownFileType = sourcecode.swift; path = SocialNetworkAppApp.swift; sourceTree = "<group>"; };
		E068FDB62843AEE900665C6D /* ContentView.swift */ = {isa = PBXFileReference; lastKnownFileType = sourcecode.swift; path = ContentView.swift; sourceTree = "<group>"; };
		E068FDB82843AEED00665C6D /* Assets.xcassets */ = {isa = PBXFileReference; lastKnownFileType = folder.assetcatalog; path = Assets.xcassets; sourceTree = "<group>"; };
		E068FDBB2843AEED00665C6D /* Preview Assets.xcassets */ = {isa = PBXFileReference; lastKnownFileType = folder.assetcatalog; path = "Preview Assets.xcassets"; sourceTree = "<group>"; };
		E068FDC12843AEED00665C6D /* SocialNetworkAppTests.xctest */ = {isa = PBXFileReference; explicitFileType = wrapper.cfbundle; includeInIndex = 0; path = SocialNetworkAppTests.xctest; sourceTree = BUILT_PRODUCTS_DIR; };
		E068FDC52843AEED00665C6D /* SocialNetworkAppTests.swift */ = {isa = PBXFileReference; lastKnownFileType = sourcecode.swift; path = SocialNetworkAppTests.swift; sourceTree = "<group>"; };
		E068FDCB2843AEED00665C6D /* SocialNetworkAppUITests.xctest */ = {isa = PBXFileReference; explicitFileType = wrapper.cfbundle; includeInIndex = 0; path = SocialNetworkAppUITests.xctest; sourceTree = BUILT_PRODUCTS_DIR; };
		E068FDCF2843AEED00665C6D /* SocialNetworkAppUITests.swift */ = {isa = PBXFileReference; lastKnownFileType = sourcecode.swift; path = SocialNetworkAppUITests.swift; sourceTree = "<group>"; };
		E068FDD12843AEED00665C6D /* SocialNetworkAppUITestsLaunchTests.swift */ = {isa = PBXFileReference; lastKnownFileType = sourcecode.swift; path = SocialNetworkAppUITestsLaunchTests.swift; sourceTree = "<group>"; };
/* End PBXFileReference section */

/* Begin PBXFrameworksBuildPhase section */
		E068FDAE2843AEE900665C6D /* Frameworks */ = {
			isa = PBXFrameworksBuildPhase;
			buildActionMask = 2147483647;
			files = (
			);
			runOnlyForDeploymentPostprocessing = 0;
		};
		E068FDBE2843AEED00665C6D /* Frameworks */ = {
			isa = PBXFrameworksBuildPhase;
			buildActionMask = 2147483647;
			files = (
			);
			runOnlyForDeploymentPostprocessing = 0;
		};
		E068FDC82843AEED00665C6D /* Frameworks */ = {
			isa = PBXFrameworksBuildPhase;
			buildActionMask = 2147483647;
			files = (
			);
			runOnlyForDeploymentPostprocessing = 0;
		};
/* End PBXFrameworksBuildPhase section */

/* Begin PBXGroup section */
		E068FDA82843AEE900665C6D = {
			isa = PBXGroup;
			children = (
				E068FDB32843AEE900665C6D /* SocialNetworkApp */,
				E068FDC42843AEED00665C6D /* SocialNetworkAppTests */,
				E068FDCE2843AEED00665C6D /* SocialNetworkAppUITests */,
				E068FDB22843AEE900665C6D /* Products */,
			);
			sourceTree = "<group>";
		};
		E068FDB22843AEE900665C6D /* Products */ = {
			isa = PBXGroup;
			children = (
				E068FDB12843AEE900665C6D /* SocialNetworkApp.app */,
				E068FDC12843AEED00665C6D /* SocialNetworkAppTests.xctest */,
				E068FDCB2843AEED00665C6D /* SocialNetworkAppUITests.xctest */,
			);
			name = Products;
			sourceTree = "<group>";
		};
		E068FDB32843AEE900665C6D /* SocialNetworkApp */ = {
			isa = PBXGroup;
			children = (
				E068FDB42843AEE900665C6D /* SocialNetworkAppApp.swift */,
				E068FDB62843AEE900665C6D /* ContentView.swift */,
				E068FDB82843AEED00665C6D /* Assets.xcassets */,
				E068FDBA2843AEED00665C6D /* Preview Content */,
			);
			path = SocialNetworkApp;
			sourceTree = "<group>";
		};
		E068FDBA2843AEED00665C6D /* Preview Content */ = {
			isa = PBXGroup;
			children = (
				E068FDBB2843AEED00665C6D /* Preview Assets.xcassets */,
			);
			path = "Preview Content";
			sourceTree = "<group>";
		};
		E068FDC42843AEED00665C6D /* SocialNetworkAppTests */ = {
			isa = PBXGroup;
			children = (
				E068FDC52843AEED00665C6D /* SocialNetworkAppTests.swift */,
			);
			path = SocialNetworkAppTests;
			sourceTree = "<group>";
		};
		E068FDCE2843AEED00665C6D /* SocialNetworkAppUITests */ = {
			isa = PBXGroup;
			children = (
				E068FDCF2843AEED00665C6D /* SocialNetworkAppUITests.swift */,
				E068FDD12843AEED00665C6D /* SocialNetworkAppUITestsLaunchTests.swift */,
			);
			path = SocialNetworkAppUITests;
			sourceTree = "<group>";
		};
/* End PBXGroup section */

/* Begin PBXNativeTarget section */
		E068FDB02843AEE900665C6D /* SocialNetworkApp */ = {
			isa = PBXNativeTarget;
			buildConfigurationList = E068FDD52843AEED00665C6D /* Build configuration list for PBXNativeTarget "SocialNetworkApp" */;
			buildPhases = (
				E068FDAD2843AEE900665C6D /* Sources */,
				E068FDAE2843AEE900665C6D /* Frameworks */,
				E068FDAF2843AEE900665C6D /* Resources */,
			);
			buildRules = (
			);
			dependencies = (
			);
			name = SocialNetworkApp;
			productName = SocialNetworkApp;
			productReference = E068FDB12843AEE900665C6D /* SocialNetworkApp.app */;
			productType = "com.apple.product-type.application";
		};
		E068FDC02843AEED00665C6D /* SocialNetworkAppTests */ = {
			isa = PBXNativeTarget;
			buildConfigurationList = E068FDD82843AEED00665C6D /* Build configuration list for PBXNativeTarget "SocialNetworkAppTests" */;
			buildPhases = (
				E068FDBD2843AEED00665C6D /* Sources */,
				E068FDBE2843AEED00665C6D /* Frameworks */,
				E068FDBF2843AEED00665C6D /* Resources */,
			);
			buildRules = (
			);
			dependencies = (
				E068FDC32843AEED00665C6D /* PBXTargetDependency */,
			);
			name = SocialNetworkAppTests;
			productName = SocialNetworkAppTests;
			productReference = E068FDC12843AEED00665C6D /* SocialNetworkAppTests.xctest */;
			productType = "com.apple.product-type.bundle.unit-test";
		};
		E068FDCA2843AEED00665C6D /* SocialNetworkAppUITests */ = {
			isa = PBXNativeTarget;
			buildConfigurationList = E068FDDB2843AEED00665C6D /* Build configuration list for PBXNativeTarget "SocialNetworkAppUITests" */;
			buildPhases = (
				E068FDC72843AEED00665C6D /* Sources */,
				E068FDC82843AEED00665C6D /* Frameworks */,
				E068FDC92843AEED00665C6D /* Resources */,
			);
			buildRules = (
			);
			dependencies = (
				E068FDCD2843AEED00665C6D /* PBXTargetDependency */,
			);
			name = SocialNetworkAppUITests;
			productName = SocialNetworkAppUITests;
			productReference = E068FDCB2843AEED00665C6D /* SocialNetworkAppUITests.xctest */;
			productType = "com.apple.product-type.bundle.ui-testing";
		};
/* End PBXNativeTarget section */

/* Begin PBXProject section */
		E068FDA92843AEE900665C6D /* Project object */ = {
			isa = PBXProject;
			attributes = {
				BuildIndependentTargetsInParallel = 1;
				LastSwiftUpdateCheck = 1330;
				LastUpgradeCheck = 1330;
				TargetAttributes = {
					E068FDB02843AEE900665C6D = {
						CreatedOnToolsVersion = 13.3;
					};
					E068FDC02843AEED00665C6D = {
						CreatedOnToolsVersion = 13.3;
						TestTargetID = E068FDB02843AEE900665C6D;
					};
					E068FDCA2843AEED00665C6D = {
						CreatedOnToolsVersion = 13.3;
						TestTargetID = E068FDB02843AEE900665C6D;
					};
				};
			};
			buildConfigurationList = E068FDAC2843AEE900665C6D /* Build configuration list for PBXProject "SocialNetworkApp" */;
			compatibilityVersion = "Xcode 13.0";
			developmentRegion = en;
			hasScannedForEncodings = 0;
			knownRegions = (
				en,
				Base,
			);
			mainGroup = E068FDA82843AEE900665C6D;
			productRefGroup = E068FDB22843AEE900665C6D /* Products */;
			projectDirPath = "";
			projectRoot = "";
			targets = (
				E068FDB02843AEE900665C6D /* SocialNetworkApp */,
				E068FDC02843AEED00665C6D /* SocialNetworkAppTests */,
				E068FDCA2843AEED00665C6D /* SocialNetworkAppUITests */,
			);
		};
/* End PBXProject section */

/* Begin PBXResourcesBuildPhase section */
		E068FDAF2843AEE900665C6D /* Resources */ = {
			isa = PBXResourcesBuildPhase;
			buildActionMask = 2147483647;
			files = (
				E068FDBC2843AEED00665C6D /* Preview Assets.xcassets in Resources */,
				E068FDB92843AEED00665C6D /* Assets.xcassets in Resources */,
			);
			runOnlyForDeploymentPostprocessing = 0;
		};
		E068FDBF2843AEED00665C6D /* Resources */ = {
			isa = PBXResourcesBuildPhase;
			buildActionMask = 2147483647;
			files = (
			);
			runOnlyForDeploymentPostprocessing = 0;
		};
		E068FDC92843AEED00665C6D /* Resources */ = {
			isa = PBXResourcesBuildPhase;
			buildActionMask = 2147483647;
			files = (
			);
			runOnlyForDeploymentPostprocessing = 0;
		};
/* End PBXResourcesBuildPhase section */

/* Begin PBXSourcesBuildPhase section */
		E068FDAD2843AEE900665C6D /* Sources */ = {
			isa = PBXSourcesBuildPhase;
			buildActionMask = 2147483647;
			files = (
				E068FDB72843AEE900665C6D /* ContentView.swift in Sources */,
				E068FDB52843AEE900665C6D /* SocialNetworkAppApp.swift in Sources */,
			);
			runOnlyForDeploymentPostprocessing = 0;
		};
		E068FDBD2843AEED00665C6D /* Sources */ = {
			isa = PBXSourcesBuildPhase;
			buildActionMask = 2147483647;
			files = (
				E068FDC62843AEED00665C6D /* SocialNetworkAppTests.swift in Sources */,
			);
			runOnlyForDeploymentPostprocessing = 0;
		};
		E068FDC72843AEED00665C6D /* Sources */ = {
			isa = PBXSourcesBuildPhase;
			buildActionMask = 2147483647;
			files = (
				E068FDD22843AEED00665C6D /* SocialNetworkAppUITestsLaunchTests.swift in Sources */,
				E068FDD02843AEED00665C6D /* SocialNetworkAppUITests.swift in Sources */,
			);
			runOnlyForDeploymentPostprocessing = 0;
		};
/* End PBXSourcesBuildPhase section */

/* Begin PBXTargetDependency section */
		E068FDC32843AEED00665C6D /* PBXTargetDependency */ = {
			isa = PBXTargetDependency;
			target = E068FDB02843AEE900665C6D /* SocialNetworkApp */;
			targetProxy = E068FDC22843AEED00665C6D /* PBXContainerItemProxy */;
		};
		E068FDCD2843AEED00665C6D /* PBXTargetDependency */ = {
			isa = PBXTargetDependency;
			target = E068FDB02843AEE900665C6D /* SocialNetworkApp */;
			targetProxy = E068FDCC2843AEED00665C6D /* PBXContainerItemProxy */;
		};
/* End PBXTargetDependency section */

/* Begin XCBuildConfiguration section */
		E068FDD32843AEED00665C6D /* Debug */ = {
			isa = XCBuildConfiguration;
			buildSettings = {
				ALWAYS_SEARCH_USER_PATHS = NO;
				CLANG_ANALYZER_NONNULL = YES;
				CLANG_ANALYZER_NUMBER_OBJECT_CONVERSION = YES_AGGRESSIVE;
				CLANG_CXX_LANGUAGE_STANDARD = "gnu++17";
				CLANG_ENABLE_MODULES = YES;
				CLANG_ENABLE_OBJC_ARC = YES;
				CLANG_ENABLE_OBJC_WEAK = YES;
				CLANG_WARN_BLOCK_CAPTURE_AUTORELEASING = YES;
				CLANG_WARN_BOOL_CONVERSION = YES;
				CLANG_WARN_COMMA = YES;
				CLANG_WARN_CONSTANT_CONVERSION = YES;
				CLANG_WARN_DEPRECATED_OBJC_IMPLEMENTATIONS = YES;
				CLANG_WARN_DIRECT_OBJC_ISA_USAGE = YES_ERROR;
				CLANG_WARN_DOCUMENTATION_COMMENTS = YES;
				CLANG_WARN_EMPTY_BODY = YES;
				CLANG_WARN_ENUM_CONVERSION = YES;
				CLANG_WARN_INFINITE_RECURSION = YES;
				CLANG_WARN_INT_CONVERSION = YES;
				CLANG_WARN_NON_LITERAL_NULL_CONVERSION = YES;
				CLANG_WARN_OBJC_IMPLICIT_RETAIN_SELF = YES;
				CLANG_WARN_OBJC_LITERAL_CONVERSION = YES;
				CLANG_WARN_OBJC_ROOT_CLASS = YES_ERROR;
				CLANG_WARN_QUOTED_INCLUDE_IN_FRAMEWORK_HEADER = YES;
				CLANG_WARN_RANGE_LOOP_ANALYSIS = YES;
				CLANG_WARN_STRICT_PROTOTYPES = YES;
				CLANG_WARN_SUSPICIOUS_MOVE = YES;
				CLANG_WARN_UNGUARDED_AVAILABILITY = YES_AGGRESSIVE;
				CLANG_WARN_UNREACHABLE_CODE = YES;
				CLANG_WARN__DUPLICATE_METHOD_MATCH = YES;
				COPY_PHASE_STRIP = NO;
				DEBUG_INFORMATION_FORMAT = dwarf;
				ENABLE_STRICT_OBJC_MSGSEND = YES;
				ENABLE_TESTABILITY = YES;
				GCC_C_LANGUAGE_STANDARD = gnu11;
				GCC_DYNAMIC_NO_PIC = NO;
				GCC_NO_COMMON_BLOCKS = YES;
				GCC_OPTIMIZATION_LEVEL = 0;
				GCC_PREPROCESSOR_DEFINITIONS = (
					"DEBUG=1",
					"$(inherited)",
				);
				GCC_WARN_64_TO_32_BIT_CONVERSION = YES;
				GCC_WARN_ABOUT_RETURN_TYPE = YES_ERROR;
				GCC_WARN_UNDECLARED_SELECTOR = YES;
				GCC_WARN_UNINITIALIZED_AUTOS = YES_AGGRESSIVE;
				GCC_WARN_UNUSED_FUNCTION = YES;
				GCC_WARN_UNUSED_VARIABLE = YES;
				IPHONEOS_DEPLOYMENT_TARGET = 15.4;
				MTL_ENABLE_DEBUG_INFO = INCLUDE_SOURCE;
				MTL_FAST_MATH = YES;
				ONLY_ACTIVE_ARCH = YES;
				SDKROOT = iphoneos;
				SWIFT_ACTIVE_COMPILATION_CONDITIONS = DEBUG;
				SWIFT_OPTIMIZATION_LEVEL = "-Onone";
			};
			name = Debug;
		};
		E068FDD42843AEED00665C6D /* Release */ = {
			isa = XCBuildConfiguration;
			buildSettings = {
				ALWAYS_SEARCH_USER_PATHS = NO;
				CLANG_ANALYZER_NONNULL = YES;
				CLANG_ANALYZER_NUMBER_OBJECT_CONVERSION = YES_AGGRESSIVE;
				CLANG_CXX_LANGUAGE_STANDARD = "gnu++17";
				CLANG_ENABLE_MODULES = YES;
				CLANG_ENABLE_OBJC_ARC = YES;
				CLANG_ENABLE_OBJC_WEAK = YES;
				CLANG_WARN_BLOCK_CAPTURE_AUTORELEASING = YES;
				CLANG_WARN_BOOL_CONVERSION = YES;
				CLANG_WARN_COMMA = YES;
				CLANG_WARN_CONSTANT_CONVERSION = YES;
				CLANG_WARN_DEPRECATED_OBJC_IMPLEMENTATIONS = YES;
				CLANG_WARN_DIRECT_OBJC_ISA_USAGE = YES_ERROR;
				CLANG_WARN_DOCUMENTATION_COMMENTS = YES;
				CLANG_WARN_EMPTY_BODY = YES;
				CLANG_WARN_ENUM_CONVERSION = YES;
				CLANG_WARN_INFINITE_RECURSION = YES;
				CLANG_WARN_INT_CONVERSION = YES;
				CLANG_WARN_NON_LITERAL_NULL_CONVERSION = YES;
				CLANG_WARN_OBJC_IMPLICIT_RETAIN_SELF = YES;
				CLANG_WARN_OBJC_LITERAL_CONVERSION = YES;
				CLANG_WARN_OBJC_ROOT_CLASS = YES_ERROR;
				CLANG_WARN_QUOTED_INCLUDE_IN_FRAMEWORK_HEADER = YES;
				CLANG_WARN_RANGE_LOOP_ANALYSIS = YES;
				CLANG_WARN_STRICT_PROTOTYPES = YES;
				CLANG_WARN_SUSPICIOUS_MOVE = YES;
				CLANG_WARN_UNGUARDED_AVAILABILITY = YES_AGGRESSIVE;
				CLANG_WARN_UNREACHABLE_CODE = YES;
				CLANG_WARN__DUPLICATE_METHOD_MATCH = YES;
				COPY_PHASE_STRIP = NO;
				DEBUG_INFORMATION_FORMAT = "dwarf-with-dsym";
				ENABLE_NS_ASSERTIONS = NO;
				ENABLE_STRICT_OBJC_MSGSEND = YES;
				GCC_C_LANGUAGE_STANDARD = gnu11;
				GCC_NO_COMMON_BLOCKS = YES;
				GCC_WARN_64_TO_32_BIT_CONVERSION = YES;
				GCC_WARN_ABOUT_RETURN_TYPE = YES_ERROR;
				GCC_WARN_UNDECLARED_SELECTOR = YES;
				GCC_WARN_UNINITIALIZED_AUTOS = YES_AGGRESSIVE;
				GCC_WARN_UNUSED_FUNCTION = YES;
				GCC_WARN_UNUSED_VARIABLE = YES;
				IPHONEOS_DEPLOYMENT_TARGET = 15.4;
				MTL_ENABLE_DEBUG_INFO = NO;
				MTL_FAST_MATH = YES;
				SDKROOT = iphoneos;
				SWIFT_COMPILATION_MODE = wholemodule;
				SWIFT_OPTIMIZATION_LEVEL = "-O";
				VALIDATE_PRODUCT = YES;
			};
			name = Release;
		};
		E068FDD62843AEED00665C6D /* Debug */ = {
			isa = XCBuildConfiguration;
			buildSettings = {
				ASSETCATALOG_COMPILER_APPICON_NAME = AppIcon;
				ASSETCATALOG_COMPILER_GLOBAL_ACCENT_COLOR_NAME = AccentColor;
				CODE_SIGN_STYLE = Automatic;
				CURRENT_PROJECT_VERSION = 1;
				DEVELOPMENT_ASSET_PATHS = "\"SocialNetworkApp/Preview Content\"";
				ENABLE_PREVIEWS = YES;
				GENERATE_INFOPLIST_FILE = YES;
				INFOPLIST_KEY_UIApplicationSceneManifest_Generation = YES;
				INFOPLIST_KEY_UIApplicationSupportsIndirectInputEvents = YES;
				INFOPLIST_KEY_UILaunchScreen_Generation = YES;
				INFOPLIST_KEY_UISupportedInterfaceOrientations_iPad = "UIInterfaceOrientationPortrait UIInterfaceOrientationPortraitUpsideDown UIInterfaceOrientationLandscapeLeft UIInterfaceOrientationLandscapeRight";
				INFOPLIST_KEY_UISupportedInterfaceOrientations_iPhone = "UIInterfaceOrientationPortrait UIInterfaceOrientationLandscapeLeft UIInterfaceOrientationLandscapeRight";
				LD_RUNPATH_SEARCH_PATHS = (
					"$(inherited)",
					"@executable_path/Frameworks",
				);
				MARKETING_VERSION = 1.0;
				PRODUCT_BUNDLE_IDENTIFIER = "com.esgi.ios.annual-project.SocialNetworkApp";
				PRODUCT_NAME = "$(TARGET_NAME)";
				SWIFT_EMIT_LOC_STRINGS = YES;
				SWIFT_VERSION = 5.0;
				TARGETED_DEVICE_FAMILY = "1,2";
			};
			name = Debug;
		};
		E068FDD72843AEED00665C6D /* Release */ = {
			isa = XCBuildConfiguration;
			buildSettings = {
				ASSETCATALOG_COMPILER_APPICON_NAME = AppIcon;
				ASSETCATALOG_COMPILER_GLOBAL_ACCENT_COLOR_NAME = AccentColor;
				CODE_SIGN_STYLE = Automatic;
				CURRENT_PROJECT_VERSION = 1;
				DEVELOPMENT_ASSET_PATHS = "\"SocialNetworkApp/Preview Content\"";
				ENABLE_PREVIEWS = YES;
				GENERATE_INFOPLIST_FILE = YES;
				INFOPLIST_KEY_UIApplicationSceneManifest_Generation = YES;
				INFOPLIST_KEY_UIApplicationSupportsIndirectInputEvents = YES;
				INFOPLIST_KEY_UILaunchScreen_Generation = YES;
				INFOPLIST_KEY_UISupportedInterfaceOrientations_iPad = "UIInterfaceOrientationPortrait UIInterfaceOrientationPortraitUpsideDown UIInterfaceOrientationLandscapeLeft UIInterfaceOrientationLandscapeRight";
				INFOPLIST_KEY_UISupportedInterfaceOrientations_iPhone = "UIInterfaceOrientationPortrait UIInterfaceOrientationLandscapeLeft UIInterfaceOrientationLandscapeRight";
				LD_RUNPATH_SEARCH_PATHS = (
					"$(inherited)",
					"@executable_path/Frameworks",
				);
				MARKETING_VERSION = 1.0;
				PRODUCT_BUNDLE_IDENTIFIER = "com.esgi.ios.annual-project.SocialNetworkApp";
				PRODUCT_NAME = "$(TARGET_NAME)";
				SWIFT_EMIT_LOC_STRINGS = YES;
				SWIFT_VERSION = 5.0;
				TARGETED_DEVICE_FAMILY = "1,2";
			};
			name = Release;
		};
		E068FDD92843AEED00665C6D /* Debug */ = {
			isa = XCBuildConfiguration;
			buildSettings = {
				ALWAYS_EMBED_SWIFT_STANDARD_LIBRARIES = YES;
				BUNDLE_LOADER = "$(TEST_HOST)";
				CODE_SIGN_STYLE = Automatic;
				CURRENT_PROJECT_VERSION = 1;
				GENERATE_INFOPLIST_FILE = YES;
				IPHONEOS_DEPLOYMENT_TARGET = 15.4;
				MARKETING_VERSION = 1.0;
				PRODUCT_BUNDLE_IDENTIFIER = "com.esgi.ios.annual-project.SocialNetworkAppTests";
				PRODUCT_NAME = "$(TARGET_NAME)";
				SWIFT_EMIT_LOC_STRINGS = NO;
				SWIFT_VERSION = 5.0;
				TARGETED_DEVICE_FAMILY = "1,2";
				TEST_HOST = "$(BUILT_PRODUCTS_DIR)/SocialNetworkApp.app/SocialNetworkApp";
			};
			name = Debug;
		};
		E068FDDA2843AEED00665C6D /* Release */ = {
			isa = XCBuildConfiguration;
			buildSettings = {
				ALWAYS_EMBED_SWIFT_STANDARD_LIBRARIES = YES;
				BUNDLE_LOADER = "$(TEST_HOST)";
				CODE_SIGN_STYLE = Automatic;
				CURRENT_PROJECT_VERSION = 1;
				GENERATE_INFOPLIST_FILE = YES;
				IPHONEOS_DEPLOYMENT_TARGET = 15.4;
				MARKETING_VERSION = 1.0;
				PRODUCT_BUNDLE_IDENTIFIER = "com.esgi.ios.annual-project.SocialNetworkAppTests";
				PRODUCT_NAME = "$(TARGET_NAME)";
				SWIFT_EMIT_LOC_STRINGS = NO;
				SWIFT_VERSION = 5.0;
				TARGETED_DEVICE_FAMILY = "1,2";
				TEST_HOST = "$(BUILT_PRODUCTS_DIR)/SocialNetworkApp.app/SocialNetworkApp";
			};
			name = Release;
		};
		E068FDDC2843AEED00665C6D /* Debug */ = {
			isa = XCBuildConfiguration;
			buildSettings = {
				ALWAYS_EMBED_SWIFT_STANDARD_LIBRARIES = YES;
				CODE_SIGN_STYLE = Automatic;
				CURRENT_PROJECT_VERSION = 1;
				GENERATE_INFOPLIST_FILE = YES;
				MARKETING_VERSION = 1.0;
				PRODUCT_BUNDLE_IDENTIFIER = "com.esgi.ios.annual-project.SocialNetworkAppUITests";
				PRODUCT_NAME = "$(TARGET_NAME)";
				SWIFT_EMIT_LOC_STRINGS = NO;
				SWIFT_VERSION = 5.0;
				TARGETED_DEVICE_FAMILY = "1,2";
				TEST_TARGET_NAME = SocialNetworkApp;
			};
			name = Debug;
		};
		E068FDDD2843AEED00665C6D /* Release */ = {
			isa = XCBuildConfiguration;
			buildSettings = {
				ALWAYS_EMBED_SWIFT_STANDARD_LIBRARIES = YES;
				CODE_SIGN_STYLE = Automatic;
				CURRENT_PROJECT_VERSION = 1;
				GENERATE_INFOPLIST_FILE = YES;
				MARKETING_VERSION = 1.0;
				PRODUCT_BUNDLE_IDENTIFIER = "com.esgi.ios.annual-project.SocialNetworkAppUITests";
				PRODUCT_NAME = "$(TARGET_NAME)";
				SWIFT_EMIT_LOC_STRINGS = NO;
				SWIFT_VERSION = 5.0;
				TARGETED_DEVICE_FAMILY = "1,2";
				TEST_TARGET_NAME = SocialNetworkApp;
			};
			name = Release;
		};
/* End XCBuildConfiguration section */

/* Begin XCConfigurationList section */
		E068FDAC2843AEE900665C6D /* Build configuration list for PBXProject "SocialNetworkApp" */ = {
			isa = XCConfigurationList;
			buildConfigurations = (
				E068FDD32843AEED00665C6D /* Debug */,
				E068FDD42843AEED00665C6D /* Release */,
			);
			defaultConfigurationIsVisible = 0;
			defaultConfigurationName = Release;
		};
		E068FDD52843AEED00665C6D /* Build configuration list for PBXNativeTarget "SocialNetworkApp" */ = {
			isa = XCConfigurationList;
			buildConfigurations = (
				E068FDD62843AEED00665C6D /* Debug */,
				E068FDD72843AEED00665C6D /* Release */,
			);
			defaultConfigurationIsVisible = 0;
			defaultConfigurationName = Release;
		};
		E068FDD82843AEED00665C6D /* Build configuration list for PBXNativeTarget "SocialNetworkAppTests" */ = {
			isa = XCConfigurationList;
			buildConfigurations = (
				E068FDD92843AEED00665C6D /* Debug */,
				E068FDDA2843AEED00665C6D /* Release */,
			);
			defaultConfigurationIsVisible = 0;
			defaultConfigurationName = Release;
		};
		E068FDDB2843AEED00665C6D /* Build configuration list for PBXNativeTarget "SocialNetworkAppUITests" */ = {
			isa = XCConfigurationList;
			buildConfigurations = (
				E068FDDC2843AEED00665C6D /* Debug */,
				E068FDDD2843AEED00665C6D /* Release */,
			);
			defaultConfigurationIsVisible = 0;
			defaultConfigurationName = Release;
		};
/* End XCConfigurationList section */
	};
	rootObject = E068FDA92843AEE900665C6D /* Project object */;
}
