// !$*UTF8*$!
{
	archiveVersion = 1;
	classes = {
	};
	objectVersion = 55;
	objects = {

/* Begin PBXBuildFile section */
		E0137A9028914C0200C9EAEE /* GroupeRequest.swift in Sources */ = {isa = PBXBuildFile; fileRef = E0137A8F28914C0200C9EAEE /* GroupeRequest.swift */; };
		E0137A9228914C1000C9EAEE /* GroupRepsonse.swift in Sources */ = {isa = PBXBuildFile; fileRef = E0137A9128914C1000C9EAEE /* GroupRepsonse.swift */; };
		E0137A942891709E00C9EAEE /* AccountDetailCard.swift in Sources */ = {isa = PBXBuildFile; fileRef = E0137A932891709E00C9EAEE /* AccountDetailCard.swift */; };
		E014CDDB28912C09001B4B13 /* AddPostView.swift in Sources */ = {isa = PBXBuildFile; fileRef = E014CDDA28912C09001B4B13 /* AddPostView.swift */; };
		E014CDDD28913529001B4B13 /* AddGroupView.swift in Sources */ = {isa = PBXBuildFile; fileRef = E014CDDC28913529001B4B13 /* AddGroupView.swift */; };
		E014CDDF2891353D001B4B13 /* AddMemberView.swift in Sources */ = {isa = PBXBuildFile; fileRef = E014CDDE2891353D001B4B13 /* AddMemberView.swift */; };
		E014CDE1289140E2001B4B13 /* PostDto.swift in Sources */ = {isa = PBXBuildFile; fileRef = E014CDE0289140E2001B4B13 /* PostDto.swift */; };
		E01FA3A728C0CD4100FC9699 /* Media.swift in Sources */ = {isa = PBXBuildFile; fileRef = E01FA3A628C0CD4100FC9699 /* Media.swift */; };
		E01FA3AA28C0DAED00FC9699 /* AWSS3 in Frameworks */ = {isa = PBXBuildFile; productRef = E01FA3A928C0DAED00FC9699 /* AWSS3 */; };
		E01FA3AC28C0DAED00FC9699 /* AWSS3Control in Frameworks */ = {isa = PBXBuildFile; productRef = E01FA3AB28C0DAED00FC9699 /* AWSS3Control */; };
		E01FA3AE28C0DAED00FC9699 /* AWSS3Outposts in Frameworks */ = {isa = PBXBuildFile; productRef = E01FA3AD28C0DAED00FC9699 /* AWSS3Outposts */; };
		E01FA3B028C0DE3700FC9699 /* AwsService.swift in Sources */ = {isa = PBXBuildFile; fileRef = E01FA3AF28C0DE3600FC9699 /* AwsService.swift */; };
		E021C8E4285761E900589730 /* PostViewModel.swift in Sources */ = {isa = PBXBuildFile; fileRef = E021C8E3285761E900589730 /* PostViewModel.swift */; };
		E021C8EC2857625700589730 /* GroupViewModel.swift in Sources */ = {isa = PBXBuildFile; fileRef = E021C8EB2857625700589730 /* GroupViewModel.swift */; };
		E021C8F22857629B00589730 /* EventViewModel.swift in Sources */ = {isa = PBXBuildFile; fileRef = E021C8F12857629B00589730 /* EventViewModel.swift */; };
		E0448C45285C788A0072AFE8 /* postCard.swift in Sources */ = {isa = PBXBuildFile; fileRef = E0448C44285C788A0072AFE8 /* postCard.swift */; };
		E0448C47285C7C600072AFE8 /* PostTimeLine.swift in Sources */ = {isa = PBXBuildFile; fileRef = E0448C46285C7C600072AFE8 /* PostTimeLine.swift */; };
		E0448C4A285C828B0072AFE8 /* allModelsMocked.swift in Sources */ = {isa = PBXBuildFile; fileRef = E0448C49285C828B0072AFE8 /* allModelsMocked.swift */; };
		E0448C4C285CB68D0072AFE8 /* SearchView.swift in Sources */ = {isa = PBXBuildFile; fileRef = E0448C4B285CB68D0072AFE8 /* SearchView.swift */; };
		E0448C4E285CB95A0072AFE8 /* ChatCard.swift in Sources */ = {isa = PBXBuildFile; fileRef = E0448C4D285CB95A0072AFE8 /* ChatCard.swift */; };
		E0448C50285CBB180072AFE8 /* OnlineUsersView.swift in Sources */ = {isa = PBXBuildFile; fileRef = E0448C4F285CBB180072AFE8 /* OnlineUsersView.swift */; };
		E0448C52285CC5360072AFE8 /* SettingCard.swift in Sources */ = {isa = PBXBuildFile; fileRef = E0448C51285CC5360072AFE8 /* SettingCard.swift */; };
		E0448C54285CC5750072AFE8 /* SettingHeaderCard.swift in Sources */ = {isa = PBXBuildFile; fileRef = E0448C53285CC5750072AFE8 /* SettingHeaderCard.swift */; };
		E0448C56285CC59F0072AFE8 /* SettingsView.swift in Sources */ = {isa = PBXBuildFile; fileRef = E0448C55285CC59F0072AFE8 /* SettingsView.swift */; };
		E0448C5A28606B5C0072AFE8 /* BubblePosition.swift in Sources */ = {isa = PBXBuildFile; fileRef = E0448C5928606B5C0072AFE8 /* BubblePosition.swift */; };
		E0448C5C28606BBA0072AFE8 /* ChatModel.swift in Sources */ = {isa = PBXBuildFile; fileRef = E0448C5B28606BBA0072AFE8 /* ChatModel.swift */; };
		E0448C5E28606C1D0072AFE8 /* ChatBubbleView.swift in Sources */ = {isa = PBXBuildFile; fileRef = E0448C5D28606C1D0072AFE8 /* ChatBubbleView.swift */; };
		E0448C6028606E3F0072AFE8 /* CustomScrollView.swift in Sources */ = {isa = PBXBuildFile; fileRef = E0448C5F28606E3F0072AFE8 /* CustomScrollView.swift */; };
		E0448C62286071FF0072AFE8 /* ChatUIView.swift in Sources */ = {isa = PBXBuildFile; fileRef = E0448C61286071FF0072AFE8 /* ChatUIView.swift */; };
		E04BEEF4287C3EC400B708CE /* Login.swift in Sources */ = {isa = PBXBuildFile; fileRef = E04BEEF3287C3EC400B708CE /* Login.swift */; };
		E04BEEF6287C422300B708CE /* LoginResponse.swift in Sources */ = {isa = PBXBuildFile; fileRef = E04BEEF5287C422300B708CE /* LoginResponse.swift */; };
		E04BEEF8287C4B3B00B708CE /* LoginViewModel.swift in Sources */ = {isa = PBXBuildFile; fileRef = E04BEEF7287C4B3B00B708CE /* LoginViewModel.swift */; };
		E0544BBD28C5FC68009699B4 /* UserCreator.swift in Sources */ = {isa = PBXBuildFile; fileRef = E0544BBC28C5FC68009699B4 /* UserCreator.swift */; };
		E0544BBF28C74D68009699B4 /* CommentPost.swift in Sources */ = {isa = PBXBuildFile; fileRef = E0544BBE28C74D68009699B4 /* CommentPost.swift */; };
		E0544BC128C75717009699B4 /* MediaRequest.swift in Sources */ = {isa = PBXBuildFile; fileRef = E0544BC028C75717009699B4 /* MediaRequest.swift */; };
		E0544BC328C757AE009699B4 /* MediaResponse.swift in Sources */ = {isa = PBXBuildFile; fileRef = E0544BC228C757AE009699B4 /* MediaResponse.swift */; };
		E0568DE1284E4498003788F5 /* User.swift in Sources */ = {isa = PBXBuildFile; fileRef = E0568DE0284E4498003788F5 /* User.swift */; };
		E0568DF4284E4E2D003788F5 /* Language.swift in Sources */ = {isa = PBXBuildFile; fileRef = E0568DF3284E4E2D003788F5 /* Language.swift */; };
		E0568DF7284E4FD2003788F5 /* Group.swift in Sources */ = {isa = PBXBuildFile; fileRef = E0568DF6284E4FD2003788F5 /* Group.swift */; };
		E0568DFA284E5450003788F5 /* Friendship.swift in Sources */ = {isa = PBXBuildFile; fileRef = E0568DF9284E5450003788F5 /* Friendship.swift */; };
		E0568E02284E569F003788F5 /* Event.swift in Sources */ = {isa = PBXBuildFile; fileRef = E0568E01284E569F003788F5 /* Event.swift */; };
		E0568E04284E5887003788F5 /* EventSearch.swift in Sources */ = {isa = PBXBuildFile; fileRef = E0568E03284E5887003788F5 /* EventSearch.swift */; };
		E0568E07284E5992003788F5 /* Conversation.swift in Sources */ = {isa = PBXBuildFile; fileRef = E0568E06284E5992003788F5 /* Conversation.swift */; };
		E0568E0A284E5A7D003788F5 /* Comment.swift in Sources */ = {isa = PBXBuildFile; fileRef = E0568E09284E5A7D003788F5 /* Comment.swift */; };
		E05B07D82860AAEF00206684 /* UserCard.swift in Sources */ = {isa = PBXBuildFile; fileRef = E05B07D72860AAEF00206684 /* UserCard.swift */; };
		E05B07DA2861BDAD00206684 /* GroupListView.swift in Sources */ = {isa = PBXBuildFile; fileRef = E05B07D92861BDAD00206684 /* GroupListView.swift */; };
		E05B07DC2861C35000206684 /* GroupCard.swift in Sources */ = {isa = PBXBuildFile; fileRef = E05B07DB2861C35000206684 /* GroupCard.swift */; };
		E05B07DE2861CA7600206684 /* UserSearchCard.swift in Sources */ = {isa = PBXBuildFile; fileRef = E05B07DD2861CA7600206684 /* UserSearchCard.swift */; };
		E05B07E1286314F900206684 /* LoginManager.swift in Sources */ = {isa = PBXBuildFile; fileRef = E05B07E0286314F900206684 /* LoginManager.swift */; };
		E05B07E32863262000206684 /* SearchCard.swift in Sources */ = {isa = PBXBuildFile; fileRef = E05B07E22863262000206684 /* SearchCard.swift */; };
		E060384C2882FE220073B64F /* SharedEvent.swift in Sources */ = {isa = PBXBuildFile; fileRef = E060384B2882FE220073B64F /* SharedEvent.swift */; };
		E068FDB52843AEE900665C6D /* SocialNetworkAppApp.swift in Sources */ = {isa = PBXBuildFile; fileRef = E068FDB42843AEE900665C6D /* SocialNetworkAppApp.swift */; };
		E068FDB72843AEE900665C6D /* HomeUIView.swift in Sources */ = {isa = PBXBuildFile; fileRef = E068FDB62843AEE900665C6D /* HomeUIView.swift */; };
		E068FDB92843AEED00665C6D /* Assets.xcassets in Resources */ = {isa = PBXBuildFile; fileRef = E068FDB82843AEED00665C6D /* Assets.xcassets */; };
		E068FDBC2843AEED00665C6D /* Preview Assets.xcassets in Resources */ = {isa = PBXBuildFile; fileRef = E068FDBB2843AEED00665C6D /* Preview Assets.xcassets */; };
		E068FDC62843AEED00665C6D /* SocialNetworkAppTests.swift in Sources */ = {isa = PBXBuildFile; fileRef = E068FDC52843AEED00665C6D /* SocialNetworkAppTests.swift */; };
		E068FDD02843AEED00665C6D /* SocialNetworkAppUITests.swift in Sources */ = {isa = PBXBuildFile; fileRef = E068FDCF2843AEED00665C6D /* SocialNetworkAppUITests.swift */; };
		E068FDD22843AEED00665C6D /* SocialNetworkAppUITestsLaunchTests.swift in Sources */ = {isa = PBXBuildFile; fileRef = E068FDD12843AEED00665C6D /* SocialNetworkAppUITestsLaunchTests.swift */; };
		E068FDE42843F07000665C6D /* LoginUIView.swift in Sources */ = {isa = PBXBuildFile; fileRef = E068FDE32843F07000665C6D /* LoginUIView.swift */; };
		E068FDE62843F12600665C6D /* InscriptionUIView.swift in Sources */ = {isa = PBXBuildFile; fileRef = E068FDE52843F12500665C6D /* InscriptionUIView.swift */; };
		E068FDEC2843F6EF00665C6D /* ProfilUIView.swift in Sources */ = {isa = PBXBuildFile; fileRef = E068FDEB2843F6EF00665C6D /* ProfilUIView.swift */; };
		E068FDF02843F73100665C6D /* PipelineUIView.swift in Sources */ = {isa = PBXBuildFile; fileRef = E068FDEF2843F73100665C6D /* PipelineUIView.swift */; };
		E068FDF22843F74600665C6D /* FriendListUIView.swift in Sources */ = {isa = PBXBuildFile; fileRef = E068FDF12843F74600665C6D /* FriendListUIView.swift */; };
		E068FDF42843F75800665C6D /* GroupUIView.swift in Sources */ = {isa = PBXBuildFile; fileRef = E068FDF32843F75800665C6D /* GroupUIView.swift */; };
		E068FDF62843F76800665C6D /* ChatListUIView.swift in Sources */ = {isa = PBXBuildFile; fileRef = E068FDF52843F76800665C6D /* ChatListUIView.swift */; };
		E0746993288D85080066D671 /* CommentCard.swift in Sources */ = {isa = PBXBuildFile; fileRef = E0746992288D85080066D671 /* CommentCard.swift */; };
		E0746995288D882F0066D671 /* CommentView.swift in Sources */ = {isa = PBXBuildFile; fileRef = E0746994288D882F0066D671 /* CommentView.swift */; };
		E0746997288D93E40066D671 /* PostManager.swift in Sources */ = {isa = PBXBuildFile; fileRef = E0746996288D93E40066D671 /* PostManager.swift */; };
		E0746999288DBAD10066D671 /* AddCommentView.swift in Sources */ = {isa = PBXBuildFile; fileRef = E0746998288DBAD10066D671 /* AddCommentView.swift */; };
		E074699B288DF5620066D671 /* CommentDto.swift in Sources */ = {isa = PBXBuildFile; fileRef = E074699A288DF5620066D671 /* CommentDto.swift */; };
		E09E3DAD289EB1E500B3D775 /* ImagePickerView.swift in Sources */ = {isa = PBXBuildFile; fileRef = E09E3DAC289EB1E500B3D775 /* ImagePickerView.swift */; };
		E09E3DAF289EB26C00B3D775 /* Coordinator.swift in Sources */ = {isa = PBXBuildFile; fileRef = E09E3DAE289EB26C00B3D775 /* Coordinator.swift */; };
		E0BD721F285374B000A70F00 /* WebService.swift in Sources */ = {isa = PBXBuildFile; fileRef = E0BD721E285374B000A70F00 /* WebService.swift */; };
		E0E233C5288446A200417381 /* EventCard.swift in Sources */ = {isa = PBXBuildFile; fileRef = E0E233C4288446A200417381 /* EventCard.swift */; };
		E0E233C7288455F100417381 /* EventUIView.swift in Sources */ = {isa = PBXBuildFile; fileRef = E0E233C6288455F100417381 /* EventUIView.swift */; };
		E0E233C928845CD500417381 /* userViewModel.swift in Sources */ = {isa = PBXBuildFile; fileRef = E0E233C828845CD500417381 /* userViewModel.swift */; };
		E0E233CB288481C200417381 /* likePost.swift in Sources */ = {isa = PBXBuildFile; fileRef = E0E233CA288481C200417381 /* likePost.swift */; };
		E0EEA4E4288EFBA500AD8C2C /* GroupMembers.swift in Sources */ = {isa = PBXBuildFile; fileRef = E0EEA4E3288EFBA500AD8C2C /* GroupMembers.swift */; };
/* End PBXBuildFile section */

/* Begin PBXContainerItemProxy section */
		E068FDC22843AEED00665C6D /* PBXContainerItemProxy */ = {
			isa = PBXContainerItemProxy;
			containerPortal = E068FDA92843AEE900665C6D /* Project object */;
			proxyType = 1;
			remoteGlobalIDString = E068FDB02843AEE900665C6D;
			remoteInfo = SocialNetworkApp;
		};
		E068FDCC2843AEED00665C6D /* PBXContainerItemProxy */ = {
			isa = PBXContainerItemProxy;
			containerPortal = E068FDA92843AEE900665C6D /* Project object */;
			proxyType = 1;
			remoteGlobalIDString = E068FDB02843AEE900665C6D;
			remoteInfo = SocialNetworkApp;
		};
/* End PBXContainerItemProxy section */

/* Begin PBXFileReference section */
		E0137A8F28914C0200C9EAEE /* GroupeRequest.swift */ = {isa = PBXFileReference; lastKnownFileType = sourcecode.swift; path = GroupeRequest.swift; sourceTree = "<group>"; };
		E0137A9128914C1000C9EAEE /* GroupRepsonse.swift */ = {isa = PBXFileReference; lastKnownFileType = sourcecode.swift; path = GroupRepsonse.swift; sourceTree = "<group>"; };
		E0137A932891709E00C9EAEE /* AccountDetailCard.swift */ = {isa = PBXFileReference; lastKnownFileType = sourcecode.swift; path = AccountDetailCard.swift; sourceTree = "<group>"; };
		E014CDDA28912C09001B4B13 /* AddPostView.swift */ = {isa = PBXFileReference; lastKnownFileType = sourcecode.swift; path = AddPostView.swift; sourceTree = "<group>"; };
		E014CDDC28913529001B4B13 /* AddGroupView.swift */ = {isa = PBXFileReference; lastKnownFileType = sourcecode.swift; path = AddGroupView.swift; sourceTree = "<group>"; };
		E014CDDE2891353D001B4B13 /* AddMemberView.swift */ = {isa = PBXFileReference; lastKnownFileType = sourcecode.swift; path = AddMemberView.swift; sourceTree = "<group>"; };
		E014CDE0289140E2001B4B13 /* PostDto.swift */ = {isa = PBXFileReference; lastKnownFileType = sourcecode.swift; path = PostDto.swift; sourceTree = "<group>"; };
		E01FA3A628C0CD4100FC9699 /* Media.swift */ = {isa = PBXFileReference; lastKnownFileType = sourcecode.swift; path = Media.swift; sourceTree = "<group>"; };
		E01FA3AF28C0DE3600FC9699 /* AwsService.swift */ = {isa = PBXFileReference; lastKnownFileType = sourcecode.swift; path = AwsService.swift; sourceTree = "<group>"; };
		E021C8E3285761E900589730 /* PostViewModel.swift */ = {isa = PBXFileReference; lastKnownFileType = sourcecode.swift; path = PostViewModel.swift; sourceTree = "<group>"; };
		E021C8EB2857625700589730 /* GroupViewModel.swift */ = {isa = PBXFileReference; lastKnownFileType = sourcecode.swift; path = GroupViewModel.swift; sourceTree = "<group>"; };
		E021C8F12857629B00589730 /* EventViewModel.swift */ = {isa = PBXFileReference; lastKnownFileType = sourcecode.swift; path = EventViewModel.swift; sourceTree = "<group>"; };
		E0448C44285C788A0072AFE8 /* postCard.swift */ = {isa = PBXFileReference; lastKnownFileType = sourcecode.swift; path = postCard.swift; sourceTree = "<group>"; };
		E0448C46285C7C600072AFE8 /* PostTimeLine.swift */ = {isa = PBXFileReference; lastKnownFileType = sourcecode.swift; path = PostTimeLine.swift; sourceTree = "<group>"; };
		E0448C49285C828B0072AFE8 /* allModelsMocked.swift */ = {isa = PBXFileReference; lastKnownFileType = sourcecode.swift; path = allModelsMocked.swift; sourceTree = "<group>"; };
		E0448C4B285CB68D0072AFE8 /* SearchView.swift */ = {isa = PBXFileReference; lastKnownFileType = sourcecode.swift; path = SearchView.swift; sourceTree = "<group>"; };
		E0448C4D285CB95A0072AFE8 /* ChatCard.swift */ = {isa = PBXFileReference; lastKnownFileType = sourcecode.swift; path = ChatCard.swift; sourceTree = "<group>"; };
		E0448C4F285CBB180072AFE8 /* OnlineUsersView.swift */ = {isa = PBXFileReference; lastKnownFileType = sourcecode.swift; path = OnlineUsersView.swift; sourceTree = "<group>"; };
		E0448C51285CC5360072AFE8 /* SettingCard.swift */ = {isa = PBXFileReference; lastKnownFileType = sourcecode.swift; path = SettingCard.swift; sourceTree = "<group>"; };
		E0448C53285CC5750072AFE8 /* SettingHeaderCard.swift */ = {isa = PBXFileReference; lastKnownFileType = sourcecode.swift; path = SettingHeaderCard.swift; sourceTree = "<group>"; };
		E0448C55285CC59F0072AFE8 /* SettingsView.swift */ = {isa = PBXFileReference; lastKnownFileType = sourcecode.swift; path = SettingsView.swift; sourceTree = "<group>"; };
		E0448C5928606B5C0072AFE8 /* BubblePosition.swift */ = {isa = PBXFileReference; lastKnownFileType = sourcecode.swift; path = BubblePosition.swift; sourceTree = "<group>"; };
		E0448C5B28606BBA0072AFE8 /* ChatModel.swift */ = {isa = PBXFileReference; lastKnownFileType = sourcecode.swift; path = ChatModel.swift; sourceTree = "<group>"; };
		E0448C5D28606C1D0072AFE8 /* ChatBubbleView.swift */ = {isa = PBXFileReference; lastKnownFileType = sourcecode.swift; path = ChatBubbleView.swift; sourceTree = "<group>"; };
		E0448C5F28606E3F0072AFE8 /* CustomScrollView.swift */ = {isa = PBXFileReference; lastKnownFileType = sourcecode.swift; path = CustomScrollView.swift; sourceTree = "<group>"; };
		E0448C61286071FF0072AFE8 /* ChatUIView.swift */ = {isa = PBXFileReference; lastKnownFileType = sourcecode.swift; path = ChatUIView.swift; sourceTree = "<group>"; };
		E04BEEF3287C3EC400B708CE /* Login.swift */ = {isa = PBXFileReference; lastKnownFileType = sourcecode.swift; path = Login.swift; sourceTree = "<group>"; };
		E04BEEF5287C422300B708CE /* LoginResponse.swift */ = {isa = PBXFileReference; lastKnownFileType = sourcecode.swift; path = LoginResponse.swift; sourceTree = "<group>"; };
		E04BEEF7287C4B3B00B708CE /* LoginViewModel.swift */ = {isa = PBXFileReference; lastKnownFileType = sourcecode.swift; path = LoginViewModel.swift; sourceTree = "<group>"; };
		E0544BBC28C5FC68009699B4 /* UserCreator.swift */ = {isa = PBXFileReference; lastKnownFileType = sourcecode.swift; path = UserCreator.swift; sourceTree = "<group>"; };
		E0544BBE28C74D68009699B4 /* CommentPost.swift */ = {isa = PBXFileReference; lastKnownFileType = sourcecode.swift; path = CommentPost.swift; sourceTree = "<group>"; };
		E0544BC028C75717009699B4 /* MediaRequest.swift */ = {isa = PBXFileReference; lastKnownFileType = sourcecode.swift; path = MediaRequest.swift; sourceTree = "<group>"; };
		E0544BC228C757AE009699B4 /* MediaResponse.swift */ = {isa = PBXFileReference; lastKnownFileType = sourcecode.swift; path = MediaResponse.swift; sourceTree = "<group>"; };
		E0568DE0284E4498003788F5 /* User.swift */ = {isa = PBXFileReference; lastKnownFileType = sourcecode.swift; path = User.swift; sourceTree = "<group>"; };
		E0568DF3284E4E2D003788F5 /* Language.swift */ = {isa = PBXFileReference; lastKnownFileType = sourcecode.swift; path = Language.swift; sourceTree = "<group>"; };
		E0568DF6284E4FD2003788F5 /* Group.swift */ = {isa = PBXFileReference; lastKnownFileType = sourcecode.swift; path = Group.swift; sourceTree = "<group>"; };
		E0568DF9284E5450003788F5 /* Friendship.swift */ = {isa = PBXFileReference; lastKnownFileType = sourcecode.swift; path = Friendship.swift; sourceTree = "<group>"; };
		E0568E01284E569F003788F5 /* Event.swift */ = {isa = PBXFileReference; lastKnownFileType = sourcecode.swift; path = Event.swift; sourceTree = "<group>"; };
		E0568E03284E5887003788F5 /* EventSearch.swift */ = {isa = PBXFileReference; lastKnownFileType = sourcecode.swift; path = EventSearch.swift; sourceTree = "<group>"; };
		E0568E06284E5992003788F5 /* Conversation.swift */ = {isa = PBXFileReference; lastKnownFileType = sourcecode.swift; path = Conversation.swift; sourceTree = "<group>"; };
		E0568E09284E5A7D003788F5 /* Comment.swift */ = {isa = PBXFileReference; lastKnownFileType = sourcecode.swift; path = Comment.swift; sourceTree = "<group>"; };
		E05B07D72860AAEF00206684 /* UserCard.swift */ = {isa = PBXFileReference; lastKnownFileType = sourcecode.swift; path = UserCard.swift; sourceTree = "<group>"; };
		E05B07D92861BDAD00206684 /* GroupListView.swift */ = {isa = PBXFileReference; lastKnownFileType = sourcecode.swift; path = GroupListView.swift; sourceTree = "<group>"; };
		E05B07DB2861C35000206684 /* GroupCard.swift */ = {isa = PBXFileReference; lastKnownFileType = sourcecode.swift; path = GroupCard.swift; sourceTree = "<group>"; };
		E05B07DD2861CA7600206684 /* UserSearchCard.swift */ = {isa = PBXFileReference; lastKnownFileType = sourcecode.swift; path = UserSearchCard.swift; sourceTree = "<group>"; };
		E05B07E0286314F900206684 /* LoginManager.swift */ = {isa = PBXFileReference; lastKnownFileType = sourcecode.swift; path = LoginManager.swift; sourceTree = "<group>"; };
		E05B07E22863262000206684 /* SearchCard.swift */ = {isa = PBXFileReference; lastKnownFileType = sourcecode.swift; path = SearchCard.swift; sourceTree = "<group>"; };
		E060384B2882FE220073B64F /* SharedEvent.swift */ = {isa = PBXFileReference; lastKnownFileType = sourcecode.swift; path = SharedEvent.swift; sourceTree = "<group>"; };
		E068FDB12843AEE900665C6D /* SocialNetworkApp.app */ = {isa = PBXFileReference; explicitFileType = wrapper.application; includeInIndex = 0; path = SocialNetworkApp.app; sourceTree = BUILT_PRODUCTS_DIR; };
		E068FDB42843AEE900665C6D /* SocialNetworkAppApp.swift */ = {isa = PBXFileReference; lastKnownFileType = sourcecode.swift; path = SocialNetworkAppApp.swift; sourceTree = "<group>"; };
		E068FDB62843AEE900665C6D /* HomeUIView.swift */ = {isa = PBXFileReference; lastKnownFileType = sourcecode.swift; path = HomeUIView.swift; sourceTree = "<group>"; };
		E068FDB82843AEED00665C6D /* Assets.xcassets */ = {isa = PBXFileReference; lastKnownFileType = folder.assetcatalog; path = Assets.xcassets; sourceTree = "<group>"; };
		E068FDBB2843AEED00665C6D /* Preview Assets.xcassets */ = {isa = PBXFileReference; lastKnownFileType = folder.assetcatalog; path = "Preview Assets.xcassets"; sourceTree = "<group>"; };
		E068FDC12843AEED00665C6D /* SocialNetworkAppTests.xctest */ = {isa = PBXFileReference; explicitFileType = wrapper.cfbundle; includeInIndex = 0; path = SocialNetworkAppTests.xctest; sourceTree = BUILT_PRODUCTS_DIR; };
		E068FDC52843AEED00665C6D /* SocialNetworkAppTests.swift */ = {isa = PBXFileReference; lastKnownFileType = sourcecode.swift; path = SocialNetworkAppTests.swift; sourceTree = "<group>"; };
		E068FDCB2843AEED00665C6D /* SocialNetworkAppUITests.xctest */ = {isa = PBXFileReference; explicitFileType = wrapper.cfbundle; includeInIndex = 0; path = SocialNetworkAppUITests.xctest; sourceTree = BUILT_PRODUCTS_DIR; };
		E068FDCF2843AEED00665C6D /* SocialNetworkAppUITests.swift */ = {isa = PBXFileReference; lastKnownFileType = sourcecode.swift; path = SocialNetworkAppUITests.swift; sourceTree = "<group>"; };
		E068FDD12843AEED00665C6D /* SocialNetworkAppUITestsLaunchTests.swift */ = {isa = PBXFileReference; lastKnownFileType = sourcecode.swift; path = SocialNetworkAppUITestsLaunchTests.swift; sourceTree = "<group>"; };
		E068FDE32843F07000665C6D /* LoginUIView.swift */ = {isa = PBXFileReference; lastKnownFileType = sourcecode.swift; path = LoginUIView.swift; sourceTree = "<group>"; };
		E068FDE52843F12500665C6D /* InscriptionUIView.swift */ = {isa = PBXFileReference; lastKnownFileType = sourcecode.swift; path = InscriptionUIView.swift; sourceTree = "<group>"; };
		E068FDEB2843F6EF00665C6D /* ProfilUIView.swift */ = {isa = PBXFileReference; lastKnownFileType = sourcecode.swift; path = ProfilUIView.swift; sourceTree = "<group>"; };
		E068FDEF2843F73100665C6D /* PipelineUIView.swift */ = {isa = PBXFileReference; lastKnownFileType = sourcecode.swift; path = PipelineUIView.swift; sourceTree = "<group>"; };
		E068FDF12843F74600665C6D /* FriendListUIView.swift */ = {isa = PBXFileReference; lastKnownFileType = sourcecode.swift; path = FriendListUIView.swift; sourceTree = "<group>"; };
		E068FDF32843F75800665C6D /* GroupUIView.swift */ = {isa = PBXFileReference; lastKnownFileType = sourcecode.swift; path = GroupUIView.swift; sourceTree = "<group>"; };
		E068FDF52843F76800665C6D /* ChatListUIView.swift */ = {isa = PBXFileReference; lastKnownFileType = sourcecode.swift; path = ChatListUIView.swift; sourceTree = "<group>"; };
		E0746992288D85080066D671 /* CommentCard.swift */ = {isa = PBXFileReference; lastKnownFileType = sourcecode.swift; path = CommentCard.swift; sourceTree = "<group>"; };
		E0746994288D882F0066D671 /* CommentView.swift */ = {isa = PBXFileReference; lastKnownFileType = sourcecode.swift; path = CommentView.swift; sourceTree = "<group>"; };
		E0746996288D93E40066D671 /* PostManager.swift */ = {isa = PBXFileReference; lastKnownFileType = sourcecode.swift; path = PostManager.swift; sourceTree = "<group>"; };
		E0746998288DBAD10066D671 /* AddCommentView.swift */ = {isa = PBXFileReference; lastKnownFileType = sourcecode.swift; path = AddCommentView.swift; sourceTree = "<group>"; };
		E074699A288DF5620066D671 /* CommentDto.swift */ = {isa = PBXFileReference; lastKnownFileType = sourcecode.swift; path = CommentDto.swift; sourceTree = "<group>"; };
		E09E3DAC289EB1E500B3D775 /* ImagePickerView.swift */ = {isa = PBXFileReference; lastKnownFileType = sourcecode.swift; path = ImagePickerView.swift; sourceTree = "<group>"; };
		E09E3DAE289EB26C00B3D775 /* Coordinator.swift */ = {isa = PBXFileReference; lastKnownFileType = sourcecode.swift; path = Coordinator.swift; sourceTree = "<group>"; };
		E0BD721E285374B000A70F00 /* WebService.swift */ = {isa = PBXFileReference; lastKnownFileType = sourcecode.swift; path = WebService.swift; sourceTree = "<group>"; };
		E0E233C4288446A200417381 /* EventCard.swift */ = {isa = PBXFileReference; lastKnownFileType = sourcecode.swift; path = EventCard.swift; sourceTree = "<group>"; };
		E0E233C6288455F100417381 /* EventUIView.swift */ = {isa = PBXFileReference; lastKnownFileType = sourcecode.swift; path = EventUIView.swift; sourceTree = "<group>"; };
		E0E233C828845CD500417381 /* userViewModel.swift */ = {isa = PBXFileReference; lastKnownFileType = sourcecode.swift; path = userViewModel.swift; sourceTree = "<group>"; };
		E0E233CA288481C200417381 /* likePost.swift */ = {isa = PBXFileReference; lastKnownFileType = sourcecode.swift; path = likePost.swift; sourceTree = "<group>"; };
		E0EEA4E3288EFBA500AD8C2C /* GroupMembers.swift */ = {isa = PBXFileReference; lastKnownFileType = sourcecode.swift; path = GroupMembers.swift; sourceTree = "<group>"; };
/* End PBXFileReference section */

/* Begin PBXFrameworksBuildPhase section */
		E068FDAE2843AEE900665C6D /* Frameworks */ = {
			isa = PBXFrameworksBuildPhase;
			buildActionMask = 2147483647;
			files = (
				E01FA3AC28C0DAED00FC9699 /* AWSS3Control in Frameworks */,
				E01FA3AE28C0DAED00FC9699 /* AWSS3Outposts in Frameworks */,
				E01FA3AA28C0DAED00FC9699 /* AWSS3 in Frameworks */,
			);
			runOnlyForDeploymentPostprocessing = 0;
		};
		E068FDBE2843AEED00665C6D /* Frameworks */ = {
			isa = PBXFrameworksBuildPhase;
			buildActionMask = 2147483647;
			files = (
			);
			runOnlyForDeploymentPostprocessing = 0;
		};
		E068FDC82843AEED00665C6D /* Frameworks */ = {
			isa = PBXFrameworksBuildPhase;
			buildActionMask = 2147483647;
			files = (
			);
			runOnlyForDeploymentPostprocessing = 0;
		};
/* End PBXFrameworksBuildPhase section */

/* Begin PBXGroup section */
		E01FA3A528C0CD2E00FC9699 /* media */ = {
			isa = PBXGroup;
			children = (
				E01FA3A628C0CD4100FC9699 /* Media.swift */,
				E0544BC028C75717009699B4 /* MediaRequest.swift */,
				E0544BC228C757AE009699B4 /* MediaResponse.swift */,
			);
			path = media;
			sourceTree = "<group>";
		};
		E0448C48285C82700072AFE8 /* modelsMock */ = {
			isa = PBXGroup;
			children = (
				E0448C49285C828B0072AFE8 /* allModelsMocked.swift */,
			);
			path = modelsMock;
			sourceTree = "<group>";
		};
		E0568DE2284E4585003788F5 /* user */ = {
			isa = PBXGroup;
			children = (
				E0568DE0284E4498003788F5 /* User.swift */,
				E04BEEF3287C3EC400B708CE /* Login.swift */,
				E04BEEF5287C422300B708CE /* LoginResponse.swift */,
				E0544BBC28C5FC68009699B4 /* UserCreator.swift */,
			);
			path = user;
			sourceTree = "<group>";
		};
		E0568DE8284E499A003788F5 /* post */ = {
			isa = PBXGroup;
			children = (
				E0448C46285C7C600072AFE8 /* PostTimeLine.swift */,
				E0E233CA288481C200417381 /* likePost.swift */,
				E014CDE0289140E2001B4B13 /* PostDto.swift */,
			);
			path = post;
			sourceTree = "<group>";
		};
		E0568DF2284E4E18003788F5 /* language */ = {
			isa = PBXGroup;
			children = (
				E0568DF3284E4E2D003788F5 /* Language.swift */,
			);
			path = language;
			sourceTree = "<group>";
		};
		E0568DF5284E4FC1003788F5 /* group */ = {
			isa = PBXGroup;
			children = (
				E0568DF6284E4FD2003788F5 /* Group.swift */,
				E0EEA4E3288EFBA500AD8C2C /* GroupMembers.swift */,
				E0137A8F28914C0200C9EAEE /* GroupeRequest.swift */,
				E0137A9128914C1000C9EAEE /* GroupRepsonse.swift */,
			);
			path = group;
			sourceTree = "<group>";
		};
		E0568DF8284E5438003788F5 /* Friendship */ = {
			isa = PBXGroup;
			children = (
				E0568DF9284E5450003788F5 /* Friendship.swift */,
			);
			path = Friendship;
			sourceTree = "<group>";
		};
		E0568E00284E5691003788F5 /* Event */ = {
			isa = PBXGroup;
			children = (
				E0568E01284E569F003788F5 /* Event.swift */,
				E0568E03284E5887003788F5 /* EventSearch.swift */,
				E060384B2882FE220073B64F /* SharedEvent.swift */,
			);
			path = Event;
			sourceTree = "<group>";
		};
		E0568E05284E597F003788F5 /* conversation */ = {
			isa = PBXGroup;
			children = (
				E0568E06284E5992003788F5 /* Conversation.swift */,
				E0448C5928606B5C0072AFE8 /* BubblePosition.swift */,
				E0448C5B28606BBA0072AFE8 /* ChatModel.swift */,
			);
			path = conversation;
			sourceTree = "<group>";
		};
		E0568E08284E5A72003788F5 /* comment */ = {
			isa = PBXGroup;
			children = (
				E0568E09284E5A7D003788F5 /* Comment.swift */,
				E074699A288DF5620066D671 /* CommentDto.swift */,
				E0544BBE28C74D68009699B4 /* CommentPost.swift */,
			);
			path = comment;
			sourceTree = "<group>";
		};
		E05B07DF2863147900206684 /* service */ = {
			isa = PBXGroup;
			children = (
				E0BD721E285374B000A70F00 /* WebService.swift */,
				E05B07E0286314F900206684 /* LoginManager.swift */,
				E0746996288D93E40066D671 /* PostManager.swift */,
				E09E3DAE289EB26C00B3D775 /* Coordinator.swift */,
				E01FA3AF28C0DE3600FC9699 /* AwsService.swift */,
			);
			path = service;
			sourceTree = "<group>";
		};
		E068FDA82843AEE900665C6D = {
			isa = PBXGroup;
			children = (
				E068FDB32843AEE900665C6D /* SocialNetworkApp */,
				E068FDC42843AEED00665C6D /* SocialNetworkAppTests */,
				E068FDCE2843AEED00665C6D /* SocialNetworkAppUITests */,
				E068FDB22843AEE900665C6D /* Products */,
			);
			sourceTree = "<group>";
		};
		E068FDB22843AEE900665C6D /* Products */ = {
			isa = PBXGroup;
			children = (
				E068FDB12843AEE900665C6D /* SocialNetworkApp.app */,
				E068FDC12843AEED00665C6D /* SocialNetworkAppTests.xctest */,
				E068FDCB2843AEED00665C6D /* SocialNetworkAppUITests.xctest */,
			);
			name = Products;
			sourceTree = "<group>";
		};
		E068FDB32843AEE900665C6D /* SocialNetworkApp */ = {
			isa = PBXGroup;
			children = (
				E05B07DF2863147900206684 /* service */,
				E068FDE22843C78900665C6D /* viewModel */,
				E068FDE02843C77200665C6D /* views */,
				E068FDDF2843C76600665C6D /* components */,
				E068FDDE2843C75A00665C6D /* models */,
				E068FDB42843AEE900665C6D /* SocialNetworkAppApp.swift */,
				E068FDB82843AEED00665C6D /* Assets.xcassets */,
				E068FDBA2843AEED00665C6D /* Preview Content */,
			);
			path = SocialNetworkApp;
			sourceTree = "<group>";
		};
		E068FDBA2843AEED00665C6D /* Preview Content */ = {
			isa = PBXGroup;
			children = (
				E068FDBB2843AEED00665C6D /* Preview Assets.xcassets */,
			);
			path = "Preview Content";
			sourceTree = "<group>";
		};
		E068FDC42843AEED00665C6D /* SocialNetworkAppTests */ = {
			isa = PBXGroup;
			children = (
				E068FDC52843AEED00665C6D /* SocialNetworkAppTests.swift */,
			);
			path = SocialNetworkAppTests;
			sourceTree = "<group>";
		};
		E068FDCE2843AEED00665C6D /* SocialNetworkAppUITests */ = {
			isa = PBXGroup;
			children = (
				E068FDCF2843AEED00665C6D /* SocialNetworkAppUITests.swift */,
				E068FDD12843AEED00665C6D /* SocialNetworkAppUITestsLaunchTests.swift */,
			);
			path = SocialNetworkAppUITests;
			sourceTree = "<group>";
		};
		E068FDDE2843C75A00665C6D /* models */ = {
			isa = PBXGroup;
			children = (
				E01FA3A528C0CD2E00FC9699 /* media */,
				E0448C48285C82700072AFE8 /* modelsMock */,
				E0568E08284E5A72003788F5 /* comment */,
				E0568E05284E597F003788F5 /* conversation */,
				E0568E00284E5691003788F5 /* Event */,
				E0568DF8284E5438003788F5 /* Friendship */,
				E0568DF5284E4FC1003788F5 /* group */,
				E0568DF2284E4E18003788F5 /* language */,
				E0568DE8284E499A003788F5 /* post */,
				E0568DE2284E4585003788F5 /* user */,
			);
			path = models;
			sourceTree = "<group>";
		};
		E068FDDF2843C76600665C6D /* components */ = {
			isa = PBXGroup;
			children = (
				E0448C44285C788A0072AFE8 /* postCard.swift */,
				E0448C4D285CB95A0072AFE8 /* ChatCard.swift */,
				E0448C51285CC5360072AFE8 /* SettingCard.swift */,
				E0448C53285CC5750072AFE8 /* SettingHeaderCard.swift */,
				E05B07D72860AAEF00206684 /* UserCard.swift */,
				E05B07DB2861C35000206684 /* GroupCard.swift */,
				E05B07DD2861CA7600206684 /* UserSearchCard.swift */,
				E05B07E22863262000206684 /* SearchCard.swift */,
				E0E233C4288446A200417381 /* EventCard.swift */,
				E0746992288D85080066D671 /* CommentCard.swift */,
				E0137A932891709E00C9EAEE /* AccountDetailCard.swift */,
			);
			path = components;
			sourceTree = "<group>";
		};
		E068FDE02843C77200665C6D /* views */ = {
			isa = PBXGroup;
			children = (
				E068FDB62843AEE900665C6D /* HomeUIView.swift */,
				E068FDE32843F07000665C6D /* LoginUIView.swift */,
				E068FDE52843F12500665C6D /* InscriptionUIView.swift */,
				E068FDEB2843F6EF00665C6D /* ProfilUIView.swift */,
				E068FDEF2843F73100665C6D /* PipelineUIView.swift */,
				E068FDF12843F74600665C6D /* FriendListUIView.swift */,
				E068FDF32843F75800665C6D /* GroupUIView.swift */,
				E068FDF52843F76800665C6D /* ChatListUIView.swift */,
				E0448C4B285CB68D0072AFE8 /* SearchView.swift */,
				E0448C4F285CBB180072AFE8 /* OnlineUsersView.swift */,
				E0448C55285CC59F0072AFE8 /* SettingsView.swift */,
				E0448C5D28606C1D0072AFE8 /* ChatBubbleView.swift */,
				E0448C5F28606E3F0072AFE8 /* CustomScrollView.swift */,
				E0448C61286071FF0072AFE8 /* ChatUIView.swift */,
				E05B07D92861BDAD00206684 /* GroupListView.swift */,
				E0E233C6288455F100417381 /* EventUIView.swift */,
				E0746994288D882F0066D671 /* CommentView.swift */,
				E0746998288DBAD10066D671 /* AddCommentView.swift */,
				E014CDDA28912C09001B4B13 /* AddPostView.swift */,
				E014CDDC28913529001B4B13 /* AddGroupView.swift */,
				E014CDDE2891353D001B4B13 /* AddMemberView.swift */,
				E09E3DAC289EB1E500B3D775 /* ImagePickerView.swift */,
			);
			path = views;
			sourceTree = "<group>";
		};
		E068FDE22843C78900665C6D /* viewModel */ = {
			isa = PBXGroup;
			children = (
				E021C8E3285761E900589730 /* PostViewModel.swift */,
				E021C8EB2857625700589730 /* GroupViewModel.swift */,
				E021C8F12857629B00589730 /* EventViewModel.swift */,
				E04BEEF7287C4B3B00B708CE /* LoginViewModel.swift */,
				E0E233C828845CD500417381 /* userViewModel.swift */,
			);
			path = viewModel;
			sourceTree = "<group>";
		};
/* End PBXGroup section */

/* Begin PBXNativeTarget section */
		E068FDB02843AEE900665C6D /* SocialNetworkApp */ = {
			isa = PBXNativeTarget;
			buildConfigurationList = E068FDD52843AEED00665C6D /* Build configuration list for PBXNativeTarget "SocialNetworkApp" */;
			buildPhases = (
				E068FDAD2843AEE900665C6D /* Sources */,
				E068FDAE2843AEE900665C6D /* Frameworks */,
				E068FDAF2843AEE900665C6D /* Resources */,
			);
			buildRules = (
			);
			dependencies = (
			);
			name = SocialNetworkApp;
			packageProductDependencies = (
				E01FA3A928C0DAED00FC9699 /* AWSS3 */,
				E01FA3AB28C0DAED00FC9699 /* AWSS3Control */,
				E01FA3AD28C0DAED00FC9699 /* AWSS3Outposts */,
			);
			productName = SocialNetworkApp;
			productReference = E068FDB12843AEE900665C6D /* SocialNetworkApp.app */;
			productType = "com.apple.product-type.application";
		};
		E068FDC02843AEED00665C6D /* SocialNetworkAppTests */ = {
			isa = PBXNativeTarget;
			buildConfigurationList = E068FDD82843AEED00665C6D /* Build configuration list for PBXNativeTarget "SocialNetworkAppTests" */;
			buildPhases = (
				E068FDBD2843AEED00665C6D /* Sources */,
				E068FDBE2843AEED00665C6D /* Frameworks */,
				E068FDBF2843AEED00665C6D /* Resources */,
			);
			buildRules = (
			);
			dependencies = (
				E068FDC32843AEED00665C6D /* PBXTargetDependency */,
			);
			name = SocialNetworkAppTests;
			productName = SocialNetworkAppTests;
			productReference = E068FDC12843AEED00665C6D /* SocialNetworkAppTests.xctest */;
			productType = "com.apple.product-type.bundle.unit-test";
		};
		E068FDCA2843AEED00665C6D /* SocialNetworkAppUITests */ = {
			isa = PBXNativeTarget;
			buildConfigurationList = E068FDDB2843AEED00665C6D /* Build configuration list for PBXNativeTarget "SocialNetworkAppUITests" */;
			buildPhases = (
				E068FDC72843AEED00665C6D /* Sources */,
				E068FDC82843AEED00665C6D /* Frameworks */,
				E068FDC92843AEED00665C6D /* Resources */,
			);
			buildRules = (
			);
			dependencies = (
				E068FDCD2843AEED00665C6D /* PBXTargetDependency */,
			);
			name = SocialNetworkAppUITests;
			productName = SocialNetworkAppUITests;
			productReference = E068FDCB2843AEED00665C6D /* SocialNetworkAppUITests.xctest */;
			productType = "com.apple.product-type.bundle.ui-testing";
		};
/* End PBXNativeTarget section */

/* Begin PBXProject section */
		E068FDA92843AEE900665C6D /* Project object */ = {
			isa = PBXProject;
			attributes = {
				BuildIndependentTargetsInParallel = 1;
				LastSwiftUpdateCheck = 1330;
				LastUpgradeCheck = 1330;
				TargetAttributes = {
					E068FDB02843AEE900665C6D = {
						CreatedOnToolsVersion = 13.3;
					};
					E068FDC02843AEED00665C6D = {
						CreatedOnToolsVersion = 13.3;
						TestTargetID = E068FDB02843AEE900665C6D;
					};
					E068FDCA2843AEED00665C6D = {
						CreatedOnToolsVersion = 13.3;
						TestTargetID = E068FDB02843AEE900665C6D;
					};
				};
			};
			buildConfigurationList = E068FDAC2843AEE900665C6D /* Build configuration list for PBXProject "SocialNetworkApp" */;
			compatibilityVersion = "Xcode 13.0";
			developmentRegion = en;
			hasScannedForEncodings = 0;
			knownRegions = (
				en,
				Base,
			);
			mainGroup = E068FDA82843AEE900665C6D;
			packageReferences = (
				E01FA3A828C0DAED00FC9699 /* XCRemoteSwiftPackageReference "aws-sdk-swift" */,
			);
			productRefGroup = E068FDB22843AEE900665C6D /* Products */;
			projectDirPath = "";
			projectRoot = "";
			targets = (
				E068FDB02843AEE900665C6D /* SocialNetworkApp */,
				E068FDC02843AEED00665C6D /* SocialNetworkAppTests */,
				E068FDCA2843AEED00665C6D /* SocialNetworkAppUITests */,
			);
		};
/* End PBXProject section */

/* Begin PBXResourcesBuildPhase section */
		E068FDAF2843AEE900665C6D /* Resources */ = {
			isa = PBXResourcesBuildPhase;
			buildActionMask = 2147483647;
			files = (
				E068FDBC2843AEED00665C6D /* Preview Assets.xcassets in Resources */,
				E068FDB92843AEED00665C6D /* Assets.xcassets in Resources */,
			);
			runOnlyForDeploymentPostprocessing = 0;
		};
		E068FDBF2843AEED00665C6D /* Resources */ = {
			isa = PBXResourcesBuildPhase;
			buildActionMask = 2147483647;
			files = (
			);
			runOnlyForDeploymentPostprocessing = 0;
		};
		E068FDC92843AEED00665C6D /* Resources */ = {
			isa = PBXResourcesBuildPhase;
			buildActionMask = 2147483647;
			files = (
			);
			runOnlyForDeploymentPostprocessing = 0;
		};
/* End PBXResourcesBuildPhase section */

/* Begin PBXSourcesBuildPhase section */
		E068FDAD2843AEE900665C6D /* Sources */ = {
			isa = PBXSourcesBuildPhase;
			buildActionMask = 2147483647;
			files = (
				E021C8E4285761E900589730 /* PostViewModel.swift in Sources */,
				E0544BBF28C74D68009699B4 /* CommentPost.swift in Sources */,
				E0568DF7284E4FD2003788F5 /* Group.swift in Sources */,
				E014CDDF2891353D001B4B13 /* AddMemberView.swift in Sources */,
				E0448C4A285C828B0072AFE8 /* allModelsMocked.swift in Sources */,
				E0544BC328C757AE009699B4 /* MediaResponse.swift in Sources */,
				E09E3DAD289EB1E500B3D775 /* ImagePickerView.swift in Sources */,
				E04BEEF4287C3EC400B708CE /* Login.swift in Sources */,
				E068FDF02843F73100665C6D /* PipelineUIView.swift in Sources */,
				E0568DF4284E4E2D003788F5 /* Language.swift in Sources */,
				E0448C47285C7C600072AFE8 /* PostTimeLine.swift in Sources */,
				E014CDE1289140E2001B4B13 /* PostDto.swift in Sources */,
				E0568E0A284E5A7D003788F5 /* Comment.swift in Sources */,
				E05B07E32863262000206684 /* SearchCard.swift in Sources */,
				E0448C6028606E3F0072AFE8 /* CustomScrollView.swift in Sources */,
				E0544BC128C75717009699B4 /* MediaRequest.swift in Sources */,
				E0568E07284E5992003788F5 /* Conversation.swift in Sources */,
				E0448C56285CC59F0072AFE8 /* SettingsView.swift in Sources */,
				E0568DFA284E5450003788F5 /* Friendship.swift in Sources */,
				E0448C52285CC5360072AFE8 /* SettingCard.swift in Sources */,
				E0448C45285C788A0072AFE8 /* postCard.swift in Sources */,
				E0448C5E28606C1D0072AFE8 /* ChatBubbleView.swift in Sources */,
				E0E233CB288481C200417381 /* likePost.swift in Sources */,
				E014CDDB28912C09001B4B13 /* AddPostView.swift in Sources */,
				E0448C62286071FF0072AFE8 /* ChatUIView.swift in Sources */,
				E05B07E1286314F900206684 /* LoginManager.swift in Sources */,
				E04BEEF6287C422300B708CE /* LoginResponse.swift in Sources */,
				E0BD721F285374B000A70F00 /* WebService.swift in Sources */,
				E021C8F22857629B00589730 /* EventViewModel.swift in Sources */,
				E068FDF22843F74600665C6D /* FriendListUIView.swift in Sources */,
				E0137A942891709E00C9EAEE /* AccountDetailCard.swift in Sources */,
				E0746995288D882F0066D671 /* CommentView.swift in Sources */,
				E0137A9028914C0200C9EAEE /* GroupeRequest.swift in Sources */,
				E0448C4E285CB95A0072AFE8 /* ChatCard.swift in Sources */,
				E0EEA4E4288EFBA500AD8C2C /* GroupMembers.swift in Sources */,
				E068FDE42843F07000665C6D /* LoginUIView.swift in Sources */,
				E0137A9228914C1000C9EAEE /* GroupRepsonse.swift in Sources */,
				E060384C2882FE220073B64F /* SharedEvent.swift in Sources */,
				E0746993288D85080066D671 /* CommentCard.swift in Sources */,
				E05B07DA2861BDAD00206684 /* GroupListView.swift in Sources */,
				E074699B288DF5620066D671 /* CommentDto.swift in Sources */,
				E068FDF62843F76800665C6D /* ChatListUIView.swift in Sources */,
				E068FDE62843F12600665C6D /* InscriptionUIView.swift in Sources */,
				E0E233C7288455F100417381 /* EventUIView.swift in Sources */,
				E0568DE1284E4498003788F5 /* User.swift in Sources */,
				E021C8EC2857625700589730 /* GroupViewModel.swift in Sources */,
				E0E233C5288446A200417381 /* EventCard.swift in Sources */,
				E068FDEC2843F6EF00665C6D /* ProfilUIView.swift in Sources */,
				E0544BBD28C5FC68009699B4 /* UserCreator.swift in Sources */,
				E0448C5C28606BBA0072AFE8 /* ChatModel.swift in Sources */,
				E0448C54285CC5750072AFE8 /* SettingHeaderCard.swift in Sources */,
				E0568E04284E5887003788F5 /* EventSearch.swift in Sources */,
				E09E3DAF289EB26C00B3D775 /* Coordinator.swift in Sources */,
				E01FA3A728C0CD4100FC9699 /* Media.swift in Sources */,
				E0448C4C285CB68D0072AFE8 /* SearchView.swift in Sources */,
				E0E233C928845CD500417381 /* userViewModel.swift in Sources */,
				E0448C50285CBB180072AFE8 /* OnlineUsersView.swift in Sources */,
				E05B07D82860AAEF00206684 /* UserCard.swift in Sources */,
				E04BEEF8287C4B3B00B708CE /* LoginViewModel.swift in Sources */,
				E068FDF42843F75800665C6D /* GroupUIView.swift in Sources */,
				E068FDB72843AEE900665C6D /* HomeUIView.swift in Sources */,
				E01FA3B028C0DE3700FC9699 /* AwsService.swift in Sources */,
				E014CDDD28913529001B4B13 /* AddGroupView.swift in Sources */,
				E05B07DE2861CA7600206684 /* UserSearchCard.swift in Sources */,
				E0448C5A28606B5C0072AFE8 /* BubblePosition.swift in Sources */,
				E05B07DC2861C35000206684 /* GroupCard.swift in Sources */,
				E0746999288DBAD10066D671 /* AddCommentView.swift in Sources */,
				E0746997288D93E40066D671 /* PostManager.swift in Sources */,
				E068FDB52843AEE900665C6D /* SocialNetworkAppApp.swift in Sources */,
				E0568E02284E569F003788F5 /* Event.swift in Sources */,
			);
			runOnlyForDeploymentPostprocessing = 0;
		};
		E068FDBD2843AEED00665C6D /* Sources */ = {
			isa = PBXSourcesBuildPhase;
			buildActionMask = 2147483647;
			files = (
				E068FDC62843AEED00665C6D /* SocialNetworkAppTests.swift in Sources */,
			);
			runOnlyForDeploymentPostprocessing = 0;
		};
		E068FDC72843AEED00665C6D /* Sources */ = {
			isa = PBXSourcesBuildPhase;
			buildActionMask = 2147483647;
			files = (
				E068FDD22843AEED00665C6D /* SocialNetworkAppUITestsLaunchTests.swift in Sources */,
				E068FDD02843AEED00665C6D /* SocialNetworkAppUITests.swift in Sources */,
			);
			runOnlyForDeploymentPostprocessing = 0;
		};
/* End PBXSourcesBuildPhase section */

/* Begin PBXTargetDependency section */
		E068FDC32843AEED00665C6D /* PBXTargetDependency */ = {
			isa = PBXTargetDependency;
			target = E068FDB02843AEE900665C6D /* SocialNetworkApp */;
			targetProxy = E068FDC22843AEED00665C6D /* PBXContainerItemProxy */;
		};
		E068FDCD2843AEED00665C6D /* PBXTargetDependency */ = {
			isa = PBXTargetDependency;
			target = E068FDB02843AEE900665C6D /* SocialNetworkApp */;
			targetProxy = E068FDCC2843AEED00665C6D /* PBXContainerItemProxy */;
		};
/* End PBXTargetDependency section */

/* Begin XCBuildConfiguration section */
		E068FDD32843AEED00665C6D /* Debug */ = {
			isa = XCBuildConfiguration;
			buildSettings = {
				ALWAYS_SEARCH_USER_PATHS = NO;
				CLANG_ANALYZER_NONNULL = YES;
				CLANG_ANALYZER_NUMBER_OBJECT_CONVERSION = YES_AGGRESSIVE;
				CLANG_CXX_LANGUAGE_STANDARD = "gnu++17";
				CLANG_ENABLE_MODULES = YES;
				CLANG_ENABLE_OBJC_ARC = YES;
				CLANG_ENABLE_OBJC_WEAK = YES;
				CLANG_WARN_BLOCK_CAPTURE_AUTORELEASING = YES;
				CLANG_WARN_BOOL_CONVERSION = YES;
				CLANG_WARN_COMMA = YES;
				CLANG_WARN_CONSTANT_CONVERSION = YES;
				CLANG_WARN_DEPRECATED_OBJC_IMPLEMENTATIONS = YES;
				CLANG_WARN_DIRECT_OBJC_ISA_USAGE = YES_ERROR;
				CLANG_WARN_DOCUMENTATION_COMMENTS = YES;
				CLANG_WARN_EMPTY_BODY = YES;
				CLANG_WARN_ENUM_CONVERSION = YES;
				CLANG_WARN_INFINITE_RECURSION = YES;
				CLANG_WARN_INT_CONVERSION = YES;
				CLANG_WARN_NON_LITERAL_NULL_CONVERSION = YES;
				CLANG_WARN_OBJC_IMPLICIT_RETAIN_SELF = YES;
				CLANG_WARN_OBJC_LITERAL_CONVERSION = YES;
				CLANG_WARN_OBJC_ROOT_CLASS = YES_ERROR;
				CLANG_WARN_QUOTED_INCLUDE_IN_FRAMEWORK_HEADER = YES;
				CLANG_WARN_RANGE_LOOP_ANALYSIS = YES;
				CLANG_WARN_STRICT_PROTOTYPES = YES;
				CLANG_WARN_SUSPICIOUS_MOVE = YES;
				CLANG_WARN_UNGUARDED_AVAILABILITY = YES_AGGRESSIVE;
				CLANG_WARN_UNREACHABLE_CODE = YES;
				CLANG_WARN__DUPLICATE_METHOD_MATCH = YES;
				COPY_PHASE_STRIP = NO;
				DEBUG_INFORMATION_FORMAT = dwarf;
				ENABLE_STRICT_OBJC_MSGSEND = YES;
				ENABLE_TESTABILITY = YES;
				GCC_C_LANGUAGE_STANDARD = gnu11;
				GCC_DYNAMIC_NO_PIC = NO;
				GCC_NO_COMMON_BLOCKS = YES;
				GCC_OPTIMIZATION_LEVEL = 0;
				GCC_PREPROCESSOR_DEFINITIONS = (
					"DEBUG=1",
					"$(inherited)",
				);
				GCC_WARN_64_TO_32_BIT_CONVERSION = YES;
				GCC_WARN_ABOUT_RETURN_TYPE = YES_ERROR;
				GCC_WARN_UNDECLARED_SELECTOR = YES;
				GCC_WARN_UNINITIALIZED_AUTOS = YES_AGGRESSIVE;
				GCC_WARN_UNUSED_FUNCTION = YES;
				GCC_WARN_UNUSED_VARIABLE = YES;
				IPHONEOS_DEPLOYMENT_TARGET = 15.4;
				MTL_ENABLE_DEBUG_INFO = INCLUDE_SOURCE;
				MTL_FAST_MATH = YES;
				ONLY_ACTIVE_ARCH = YES;
				SDKROOT = iphoneos;
				SWIFT_ACTIVE_COMPILATION_CONDITIONS = DEBUG;
				SWIFT_OPTIMIZATION_LEVEL = "-Onone";
			};
			name = Debug;
		};
		E068FDD42843AEED00665C6D /* Release */ = {
			isa = XCBuildConfiguration;
			buildSettings = {
				ALWAYS_SEARCH_USER_PATHS = NO;
				CLANG_ANALYZER_NONNULL = YES;
				CLANG_ANALYZER_NUMBER_OBJECT_CONVERSION = YES_AGGRESSIVE;
				CLANG_CXX_LANGUAGE_STANDARD = "gnu++17";
				CLANG_ENABLE_MODULES = YES;
				CLANG_ENABLE_OBJC_ARC = YES;
				CLANG_ENABLE_OBJC_WEAK = YES;
				CLANG_WARN_BLOCK_CAPTURE_AUTORELEASING = YES;
				CLANG_WARN_BOOL_CONVERSION = YES;
				CLANG_WARN_COMMA = YES;
				CLANG_WARN_CONSTANT_CONVERSION = YES;
				CLANG_WARN_DEPRECATED_OBJC_IMPLEMENTATIONS = YES;
				CLANG_WARN_DIRECT_OBJC_ISA_USAGE = YES_ERROR;
				CLANG_WARN_DOCUMENTATION_COMMENTS = YES;
				CLANG_WARN_EMPTY_BODY = YES;
				CLANG_WARN_ENUM_CONVERSION = YES;
				CLANG_WARN_INFINITE_RECURSION = YES;
				CLANG_WARN_INT_CONVERSION = YES;
				CLANG_WARN_NON_LITERAL_NULL_CONVERSION = YES;
				CLANG_WARN_OBJC_IMPLICIT_RETAIN_SELF = YES;
				CLANG_WARN_OBJC_LITERAL_CONVERSION = YES;
				CLANG_WARN_OBJC_ROOT_CLASS = YES_ERROR;
				CLANG_WARN_QUOTED_INCLUDE_IN_FRAMEWORK_HEADER = YES;
				CLANG_WARN_RANGE_LOOP_ANALYSIS = YES;
				CLANG_WARN_STRICT_PROTOTYPES = YES;
				CLANG_WARN_SUSPICIOUS_MOVE = YES;
				CLANG_WARN_UNGUARDED_AVAILABILITY = YES_AGGRESSIVE;
				CLANG_WARN_UNREACHABLE_CODE = YES;
				CLANG_WARN__DUPLICATE_METHOD_MATCH = YES;
				COPY_PHASE_STRIP = NO;
				DEBUG_INFORMATION_FORMAT = "dwarf-with-dsym";
				ENABLE_NS_ASSERTIONS = NO;
				ENABLE_STRICT_OBJC_MSGSEND = YES;
				GCC_C_LANGUAGE_STANDARD = gnu11;
				GCC_NO_COMMON_BLOCKS = YES;
				GCC_WARN_64_TO_32_BIT_CONVERSION = YES;
				GCC_WARN_ABOUT_RETURN_TYPE = YES_ERROR;
				GCC_WARN_UNDECLARED_SELECTOR = YES;
				GCC_WARN_UNINITIALIZED_AUTOS = YES_AGGRESSIVE;
				GCC_WARN_UNUSED_FUNCTION = YES;
				GCC_WARN_UNUSED_VARIABLE = YES;
				IPHONEOS_DEPLOYMENT_TARGET = 15.4;
				MTL_ENABLE_DEBUG_INFO = NO;
				MTL_FAST_MATH = YES;
				SDKROOT = iphoneos;
				SWIFT_COMPILATION_MODE = wholemodule;
				SWIFT_OPTIMIZATION_LEVEL = "-O";
				VALIDATE_PRODUCT = YES;
			};
			name = Release;
		};
		E068FDD62843AEED00665C6D /* Debug */ = {
			isa = XCBuildConfiguration;
			buildSettings = {
				ASSETCATALOG_COMPILER_APPICON_NAME = AppIcon;
				ASSETCATALOG_COMPILER_GLOBAL_ACCENT_COLOR_NAME = AccentColor;
				CODE_SIGN_STYLE = Automatic;
				CURRENT_PROJECT_VERSION = 1;
				DEVELOPMENT_ASSET_PATHS = "\"SocialNetworkApp/Preview Content\"";
				DEVELOPMENT_TEAM = U93CWA46GL;
				ENABLE_PREVIEWS = YES;
				GENERATE_INFOPLIST_FILE = YES;
				INFOPLIST_KEY_NSCameraUsageDescription = "camera acces";
				INFOPLIST_KEY_UIApplicationSceneManifest_Generation = YES;
				INFOPLIST_KEY_UIApplicationSupportsIndirectInputEvents = YES;
				INFOPLIST_KEY_UILaunchScreen_Generation = YES;
				INFOPLIST_KEY_UISupportedInterfaceOrientations_iPad = "UIInterfaceOrientationPortrait UIInterfaceOrientationPortraitUpsideDown UIInterfaceOrientationLandscapeLeft UIInterfaceOrientationLandscapeRight";
				INFOPLIST_KEY_UISupportedInterfaceOrientations_iPhone = "UIInterfaceOrientationPortrait UIInterfaceOrientationLandscapeLeft UIInterfaceOrientationLandscapeRight";
				IPHONEOS_DEPLOYMENT_TARGET = 15.4;
				LD_RUNPATH_SEARCH_PATHS = (
					"$(inherited)",
					"@executable_path/Frameworks",
				);
				MARKETING_VERSION = 1.0;
				PRODUCT_BUNDLE_IDENTIFIER = "com.esgi.ios.annual-project.SocialNetworkApp";
				PRODUCT_NAME = "$(TARGET_NAME)";
				SWIFT_EMIT_LOC_STRINGS = YES;
				SWIFT_VERSION = 5.0;
				TARGETED_DEVICE_FAMILY = "1,2";
			};
			name = Debug;
		};
		E068FDD72843AEED00665C6D /* Release */ = {
			isa = XCBuildConfiguration;
			buildSettings = {
				ASSETCATALOG_COMPILER_APPICON_NAME = AppIcon;
				ASSETCATALOG_COMPILER_GLOBAL_ACCENT_COLOR_NAME = AccentColor;
				CODE_SIGN_STYLE = Automatic;
				CURRENT_PROJECT_VERSION = 1;
				DEVELOPMENT_ASSET_PATHS = "\"SocialNetworkApp/Preview Content\"";
				DEVELOPMENT_TEAM = U93CWA46GL;
				ENABLE_PREVIEWS = YES;
				GENERATE_INFOPLIST_FILE = YES;
				INFOPLIST_KEY_NSCameraUsageDescription = "camera acces";
				INFOPLIST_KEY_UIApplicationSceneManifest_Generation = YES;
				INFOPLIST_KEY_UIApplicationSupportsIndirectInputEvents = YES;
				INFOPLIST_KEY_UILaunchScreen_Generation = YES;
				INFOPLIST_KEY_UISupportedInterfaceOrientations_iPad = "UIInterfaceOrientationPortrait UIInterfaceOrientationPortraitUpsideDown UIInterfaceOrientationLandscapeLeft UIInterfaceOrientationLandscapeRight";
				INFOPLIST_KEY_UISupportedInterfaceOrientations_iPhone = "UIInterfaceOrientationPortrait UIInterfaceOrientationLandscapeLeft UIInterfaceOrientationLandscapeRight";
				IPHONEOS_DEPLOYMENT_TARGET = 15.4;
				LD_RUNPATH_SEARCH_PATHS = (
					"$(inherited)",
					"@executable_path/Frameworks",
				);
				MARKETING_VERSION = 1.0;
				PRODUCT_BUNDLE_IDENTIFIER = "com.esgi.ios.annual-project.SocialNetworkApp";
				PRODUCT_NAME = "$(TARGET_NAME)";
				SWIFT_EMIT_LOC_STRINGS = YES;
				SWIFT_VERSION = 5.0;
				TARGETED_DEVICE_FAMILY = "1,2";
			};
			name = Release;
		};
		E068FDD92843AEED00665C6D /* Debug */ = {
			isa = XCBuildConfiguration;
			buildSettings = {
				ALWAYS_EMBED_SWIFT_STANDARD_LIBRARIES = YES;
				BUNDLE_LOADER = "$(TEST_HOST)";
				CODE_SIGN_STYLE = Automatic;
				CURRENT_PROJECT_VERSION = 1;
				GENERATE_INFOPLIST_FILE = YES;
				IPHONEOS_DEPLOYMENT_TARGET = 15.4;
				MARKETING_VERSION = 1.0;
				PRODUCT_BUNDLE_IDENTIFIER = "com.esgi.ios.annual-project.SocialNetworkAppTests";
				PRODUCT_NAME = "$(TARGET_NAME)";
				SWIFT_EMIT_LOC_STRINGS = NO;
				SWIFT_VERSION = 5.0;
				TARGETED_DEVICE_FAMILY = "1,2";
				TEST_HOST = "$(BUILT_PRODUCTS_DIR)/SocialNetworkApp.app/SocialNetworkApp";
			};
			name = Debug;
		};
		E068FDDA2843AEED00665C6D /* Release */ = {
			isa = XCBuildConfiguration;
			buildSettings = {
				ALWAYS_EMBED_SWIFT_STANDARD_LIBRARIES = YES;
				BUNDLE_LOADER = "$(TEST_HOST)";
				CODE_SIGN_STYLE = Automatic;
				CURRENT_PROJECT_VERSION = 1;
				GENERATE_INFOPLIST_FILE = YES;
				IPHONEOS_DEPLOYMENT_TARGET = 15.4;
				MARKETING_VERSION = 1.0;
				PRODUCT_BUNDLE_IDENTIFIER = "com.esgi.ios.annual-project.SocialNetworkAppTests";
				PRODUCT_NAME = "$(TARGET_NAME)";
				SWIFT_EMIT_LOC_STRINGS = NO;
				SWIFT_VERSION = 5.0;
				TARGETED_DEVICE_FAMILY = "1,2";
				TEST_HOST = "$(BUILT_PRODUCTS_DIR)/SocialNetworkApp.app/SocialNetworkApp";
			};
			name = Release;
		};
		E068FDDC2843AEED00665C6D /* Debug */ = {
			isa = XCBuildConfiguration;
			buildSettings = {
				ALWAYS_EMBED_SWIFT_STANDARD_LIBRARIES = YES;
				CODE_SIGN_STYLE = Automatic;
				CURRENT_PROJECT_VERSION = 1;
				GENERATE_INFOPLIST_FILE = YES;
				MARKETING_VERSION = 1.0;
				PRODUCT_BUNDLE_IDENTIFIER = "com.esgi.ios.annual-project.SocialNetworkAppUITests";
				PRODUCT_NAME = "$(TARGET_NAME)";
				SWIFT_EMIT_LOC_STRINGS = NO;
				SWIFT_VERSION = 5.0;
				TARGETED_DEVICE_FAMILY = "1,2";
				TEST_TARGET_NAME = SocialNetworkApp;
			};
			name = Debug;
		};
		E068FDDD2843AEED00665C6D /* Release */ = {
			isa = XCBuildConfiguration;
			buildSettings = {
				ALWAYS_EMBED_SWIFT_STANDARD_LIBRARIES = YES;
				CODE_SIGN_STYLE = Automatic;
				CURRENT_PROJECT_VERSION = 1;
				GENERATE_INFOPLIST_FILE = YES;
				MARKETING_VERSION = 1.0;
				PRODUCT_BUNDLE_IDENTIFIER = "com.esgi.ios.annual-project.SocialNetworkAppUITests";
				PRODUCT_NAME = "$(TARGET_NAME)";
				SWIFT_EMIT_LOC_STRINGS = NO;
				SWIFT_VERSION = 5.0;
				TARGETED_DEVICE_FAMILY = "1,2";
				TEST_TARGET_NAME = SocialNetworkApp;
			};
			name = Release;
		};
/* End XCBuildConfiguration section */

/* Begin XCConfigurationList section */
		E068FDAC2843AEE900665C6D /* Build configuration list for PBXProject "SocialNetworkApp" */ = {
			isa = XCConfigurationList;
			buildConfigurations = (
				E068FDD32843AEED00665C6D /* Debug */,
				E068FDD42843AEED00665C6D /* Release */,
			);
			defaultConfigurationIsVisible = 0;
			defaultConfigurationName = Release;
		};
		E068FDD52843AEED00665C6D /* Build configuration list for PBXNativeTarget "SocialNetworkApp" */ = {
			isa = XCConfigurationList;
			buildConfigurations = (
				E068FDD62843AEED00665C6D /* Debug */,
				E068FDD72843AEED00665C6D /* Release */,
			);
			defaultConfigurationIsVisible = 0;
			defaultConfigurationName = Release;
		};
		E068FDD82843AEED00665C6D /* Build configuration list for PBXNativeTarget "SocialNetworkAppTests" */ = {
			isa = XCConfigurationList;
			buildConfigurations = (
				E068FDD92843AEED00665C6D /* Debug */,
				E068FDDA2843AEED00665C6D /* Release */,
			);
			defaultConfigurationIsVisible = 0;
			defaultConfigurationName = Release;
		};
		E068FDDB2843AEED00665C6D /* Build configuration list for PBXNativeTarget "SocialNetworkAppUITests" */ = {
			isa = XCConfigurationList;
			buildConfigurations = (
				E068FDDC2843AEED00665C6D /* Debug */,
				E068FDDD2843AEED00665C6D /* Release */,
			);
			defaultConfigurationIsVisible = 0;
			defaultConfigurationName = Release;
		};
/* End XCConfigurationList section */

/* Begin XCRemoteSwiftPackageReference section */
		E01FA3A828C0DAED00FC9699 /* XCRemoteSwiftPackageReference "aws-sdk-swift" */ = {
			isa = XCRemoteSwiftPackageReference;
			repositoryURL = "https://github.com/awslabs/aws-sdk-swift";
			requirement = {
				kind = upToNextMajorVersion;
				minimumVersion = 0.2.6;
			};
		};
/* End XCRemoteSwiftPackageReference section */

/* Begin XCSwiftPackageProductDependency section */
		E01FA3A928C0DAED00FC9699 /* AWSS3 */ = {
			isa = XCSwiftPackageProductDependency;
			package = E01FA3A828C0DAED00FC9699 /* XCRemoteSwiftPackageReference "aws-sdk-swift" */;
			productName = AWSS3;
		};
		E01FA3AB28C0DAED00FC9699 /* AWSS3Control */ = {
			isa = XCSwiftPackageProductDependency;
			package = E01FA3A828C0DAED00FC9699 /* XCRemoteSwiftPackageReference "aws-sdk-swift" */;
			productName = AWSS3Control;
		};
		E01FA3AD28C0DAED00FC9699 /* AWSS3Outposts */ = {
			isa = XCSwiftPackageProductDependency;
			package = E01FA3A828C0DAED00FC9699 /* XCRemoteSwiftPackageReference "aws-sdk-swift" */;
			productName = AWSS3Outposts;
		};
/* End XCSwiftPackageProductDependency section */
	};
	rootObject = E068FDA92843AEE900665C6D /* Project object */;
}
